{
  "version": 2,
  "dependencies": {
    "net10.0": {
      "MathNet.Numerics": {
        "type": "Direct",
        "requested": "[5.0.0, )",
        "resolved": "5.0.0",
        "contentHash": "pg1W2VwaEQMAiTpGK840hZgzavnqjlCMTVSbtVCXVyT+7AX4mc1o89SPv4TBlAjhgCOo9c1Y+jZ5m3ti2YgGgA=="
      },
      "Microsoft.CodeAnalysis.BannedApiAnalyzers": {
        "type": "Direct",
        "requested": "[4.14.0, )",
        "resolved": "4.14.0",
        "contentHash": "gSWJlDWwmDhtbrEJGiHqvEjz9KthIiFD0qYB8zZ6a7z+xpMSPEtM9yTYELSa58iFWYlzSRqP9FXO6KoT3+ZMtg=="
      },
      "Microsoft.ML.OnnxRuntime": {
        "type": "Direct",
        "requested": "[1.31.0, )",
        "resolved": "1.31.0",
        "contentHash": "7v58S0xqY1ZmLui5BnK3FQEWagRhmhkR/9yLrxF5rQGppGfcMaw7W0a2wgT1SWnT6ug0dmr1B2I4VWhlY/yvng==",
        "dependencies": {
          "Microsoft.ML.OnnxRuntime.Managed": "1.31.0"
        }
      },
      "Microsoft.ML.OnnxRuntime.Gpu": {
        "type": "Direct",
        "requested": "[1.31.0, )",
        "resolved": "1.31.0",
        "contentHash": "TzlxAN71FyH/LdgW0bjQsVSSEm3bSukc449bTWh1xNUx9JQOEBtT5yAEJTHr2o60JBYOKIcxzQvsBFPFn/hjnA==",
        "dependencies": {
          "Microsoft.ML.OnnxRuntime.Gpu.Linux": "1.31.0",
          "Microsoft.ML.OnnxRuntime.Gpu.Windows": "1.31.0",
          "Microsoft.ML.OnnxRuntime.Managed": "1.31.0"
        }
      },
      "Microsoft.ML.OnnxRuntimeGenAI": {
        "type": "Direct",
        "requested": "[0.17.1, )",
        "resolved": "0.17.1",
        "contentHash": "ilVYETKd71LXTiQtFqZ0wI7VS68h2J74J4CB7hO/0tXLeZZg0UshaJ4/tH1KL9N1CT4hocFMzYlH1gQqpmUfGw==",
        "dependencies": {
          "Microsoft.ML.OnnxRuntime": "1.30.0",
          "Microsoft.ML.OnnxRuntimeGenAI.Managed": "0.17.1"
        }
      },
      "Microsoft.ML.OnnxRuntimeGenAI.Cuda": {
        "type": "Direct",
        "requested": "[0.17.1, )",
        "resolved": "0.17.1",
        "contentHash": "cycqHKeuZ2TvWk6n3vPp74zlyBJOltHusM8RRBygTh/UbYpJDJd/zhVdw70qsbsVynjBqRs7HXKpqwiMAwVNOQ==",
        "dependencies": {
          "Microsoft.ML.OnnxRuntime.Gpu": "1.30.0",
          "Microsoft.ML.OnnxRuntimeGenAI.Managed": "0.17.1"
        }
      },
      "Microsoft.ML.Tokenizers": {
        "type": "Direct",
        "requested": "[3.0.0-preview.26502.1, )",
        "resolved": "3.0.0-preview.26502.1",
        "contentHash": "Z+ZFKkR3iRMpSWpuB42vNrR30TxpH24LmHibaKNe27F3qmIF2JO4dzA3RIO0jZsc9nW01r/vDyEZdWy4ET3AvA=="
      },
      "Microsoft.Extensions.AI.Abstractions": {
        "type": "Transitive",
        "resolved": "9.8.0",
        "contentHash": "0++t+lPqX5amr7Kgh+ZFm1C5hhzMmFc5Dhoc6siNZ4sPXxy0pLTFRk+4vHn0hZf7Xe8Y9OoqL2cL4oTdjt8STQ=="
      },
      "Microsoft.ML.OnnxRuntime.Gpu.Linux": {
        "type": "Transitive",
        "resolved": "1.31.0",
        "contentHash": "lX6jDc8Xm3IZMKdUgyteT9PaMVMDSthBa7xJ2bqWo2QR3NbX439bDlUvlkVOeLkWbNz4Cw69vEgnTOIzyK1GAQ==",
        "dependencies": {
          "Microsoft.ML.OnnxRuntime.Managed": "1.31.0"
        }
      },
      "System.Numerics.Tensors": {
        "type": "Transitive",
        "resolved": "9.0.0",
        "contentHash": "hyJB4UlpAi19Xr9AXzu2NuagKC4lPfHObNMEAA0HmqFz2rX7wKgzeYzO/jM/eBHDhnUGFFEjk5cOoJaxqg5J4A=="
      },
      "trackdub.contracts": {
        "type": "Project",
        "dependencies": {
          "Trackdub.Domain": "[1.0.0, )"
        }
      },
      "trackdub.domain": {
        "type": "Project"
      },
      "trackdub.inference": {
        "type": "Project",
        "dependencies": {
          "Microsoft.Extensions.Logging.Abstractions": "[10.0.12, )",
          "Trackdub.Contracts": "[1.0.0, )",
          "Trackdub.Domain": "[1.0.0, )"
        }
      },
      "Microsoft.Extensions.DependencyInjection.Abstractions": {
        "type": "CentralTransitive",
        "requested": "[10.0.12, )",
        "resolved": "10.0.12",
        "contentHash": "9/qymSh7hVDMGTGwrLz8MRp5zRyXy9adGDOs4HwRdnLil3oZGYuWeZjbmHgCQ9BL1qBroVfgUK3U/nb61617Cw=="
      },
      "Microsoft.Extensions.Logging.Abstractions": {
        "type": "CentralTransitive",
        "requested": "[10.0.12, )",
        "resolved": "10.0.12",
        "contentHash": "+24lC4plfbEDNfLAdTV/SWKS7dW+16X4HdydO3R++134kSNTzcbYA4KpR1Hdh6uWisB8Za3AzwyOn+K+NxWIug==",
        "dependencies": {
          "Microsoft.Extensions.DependencyInjection.Abstractions": "10.0.12"
        }
      },
      "Microsoft.ML.OnnxRuntime.Gpu.Windows": {
        "type": "CentralTransitive",
        "requested": "[1.31.0, )",
        "resolved": "1.31.0",
        "contentHash": "Hm5ysNQmVDDYDK0wdND2gN5tGbgM0qEu7rL+HrEyi1zNadBKK1k9hXdIacBLc6kyIY4d2DsxXp5vrBJROn189w==",
        "dependencies": {
          "Microsoft.ML.OnnxRuntime.Managed": "1.31.0"
        }
      },
      "Microsoft.ML.OnnxRuntime.Managed": {
        "type": "CentralTransitive",
        "requested": "[1.31.0, )",
        "resolved": "1.31.0",
        "contentHash": "o9nvEiddLLlAMOHN0XZ/06Oal0W6S7iWiSb8lzQAwfQKNOZtX4C8he5/I7Mc/DlSprNfovAW6kCkwX2BAE0JHw==",
        "dependencies": {
          "System.Numerics.Tensors": "9.0.0"
        }
      },
      "Microsoft.ML.OnnxRuntimeGenAI.Managed": {
        "type": "CentralTransitive",
        "requested": "[0.17.1, )",
        "resolved": "0.17.1",
        "contentHash": "MIAOSt1TY4K96nGPZ1QLhEEH0XW7XmDTEwjDpxhaz+ruSnlkekaDsHmfvjXkcojQa6kgTA/SkNHkA7R849pERw==",
        "dependencies": {
          "Microsoft.Extensions.AI.Abstractions": "9.8.0"
        }
      }
    },
    "net10.0/linux-arm64": {
      "Microsoft.ML.OnnxRuntime": {
        "type": "Direct",
        "requested": "[1.31.0, )",
        "resolved": "1.31.0",
        "contentHash": "7v58S0xqY1ZmLui5BnK3FQEWagRhmhkR/9yLrxF5rQGppGfcMaw7W0a2wgT1SWnT6ug0dmr1B2I4VWhlY/yvng==",
        "dependencies": {
          "Microsoft.ML.OnnxRuntime.Managed": "1.31.0"
        }
      },
      "Microsoft.ML.OnnxRuntimeGenAI": {
        "type": "Direct",
        "requested": "[0.17.1, )",
        "resolved": "0.17.1",
        "contentHash": "ilVYETKd71LXTiQtFqZ0wI7VS68h2J74J4CB7hO/0tXLeZZg0UshaJ4/tH1KL9N1CT4hocFMzYlH1gQqpmUfGw==",
        "dependencies": {
          "Microsoft.ML.OnnxRuntime": "1.30.0",
          "Microsoft.ML.OnnxRuntimeGenAI.Managed": "0.17.1"
        }
      },
      "Microsoft.ML.OnnxRuntimeGenAI.Cuda": {
        "type": "Direct",
        "requested": "[0.17.1, )",
        "resolved": "0.17.1",
        "contentHash": "cycqHKeuZ2TvWk6n3vPp74zlyBJOltHusM8RRBygTh/UbYpJDJd/zhVdw70qsbsVynjBqRs7HXKpqwiMAwVNOQ==",
        "dependencies": {
          "Microsoft.ML.OnnxRuntime.Gpu": "1.30.0",
          "Microsoft.ML.OnnxRuntimeGenAI.Managed": "0.17.1"
        }
      },
      "Microsoft.ML.OnnxRuntime.Gpu.Linux": {
        "type": "Transitive",
        "resolved": "1.31.0",
        "contentHash": "lX6jDc8Xm3IZMKdUgyteT9PaMVMDSthBa7xJ2bqWo2QR3NbX439bDlUvlkVOeLkWbNz4Cw69vEgnTOIzyK1GAQ==",
        "dependencies": {
          "Microsoft.ML.OnnxRuntime.Managed": "1.31.0"
        }
      },
      "Microsoft.ML.OnnxRuntime.Gpu.Windows": {
        "type": "CentralTransitive",
        "requested": "[1.31.0, )",
        "resolved": "1.31.0",
        "contentHash": "Hm5ysNQmVDDYDK0wdND2gN5tGbgM0qEu7rL+HrEyi1zNadBKK1k9hXdIacBLc6kyIY4d2DsxXp5vrBJROn189w==",
        "dependencies": {
          "Microsoft.ML.OnnxRuntime.Managed": "1.31.0"
        }
      }
    },
    "net10.0/linux-x64": {
      "Microsoft.ML.OnnxRuntime": {
        "type": "Direct",
        "requested": "[1.31.0, )",
        "resolved": "1.31.0",
        "contentHash": "7v58S0xqY1ZmLui5BnK3FQEWagRhmhkR/9yLrxF5rQGppGfcMaw7W0a2wgT1SWnT6ug0dmr1B2I4VWhlY/yvng==",
        "dependencies": {
          "Microsoft.ML.OnnxRuntime.Managed": "1.31.0"
        }
      },
      "Microsoft.ML.OnnxRuntimeGenAI": {
        "type": "Direct",
        "requested": "[0.17.1, )",
        "resolved": "0.17.1",
        "contentHash": "ilVYETKd71LXTiQtFqZ0wI7VS68h2J74J4CB7hO/0tXLeZZg0UshaJ4/tH1KL9N1CT4hocFMzYlH1gQqpmUfGw==",
        "dependencies": {
          "Microsoft.ML.OnnxRuntime": "1.30.0",
          "Microsoft.ML.OnnxRuntimeGenAI.Managed": "0.17.1"
        }
      },
      "Microsoft.ML.OnnxRuntimeGenAI.Cuda": {
        "type": "Direct",
        "requested": "[0.17.1, )",
        "resolved": "0.17.1",
        "contentHash": "cycqHKeuZ2TvWk6n3vPp74zlyBJOltHusM8RRBygTh/UbYpJDJd/zhVdw70qsbsVynjBqRs7HXKpqwiMAwVNOQ==",
        "dependencies": {
          "Microsoft.ML.OnnxRuntime.Gpu": "1.30.0",
          "Microsoft.ML.OnnxRuntimeGenAI.Managed": "0.17.1"
        }
      },
      "Microsoft.ML.OnnxRuntime.Gpu.Linux": {
        "type": "Transitive",
        "resolved": "1.31.0",
        "contentHash": "lX6jDc8Xm3IZMKdUgyteT9PaMVMDSthBa7xJ2bqWo2QR3NbX439bDlUvlkVOeLkWbNz4Cw69vEgnTOIzyK1GAQ==",
        "dependencies": {
          "Microsoft.ML.OnnxRuntime.Managed": "1.31.0"
        }
      },
      "Microsoft.ML.OnnxRuntime.Gpu.Windows": {
        "type": "CentralTransitive",
        "requested": "[1.31.0, )",
        "resolved": "1.31.0",
        "contentHash": "Hm5ysNQmVDDYDK0wdND2gN5tGbgM0qEu7rL+HrEyi1zNadBKK1k9hXdIacBLc6kyIY4d2DsxXp5vrBJROn189w==",
        "dependencies": {
          "Microsoft.ML.OnnxRuntime.Managed": "1.31.0"
        }
      }
    },
    "net10.0/osx-arm64": {
      "Microsoft.ML.OnnxRuntime": {
        "type": "Direct",
        "requested": "[1.31.0, )",
        "resolved": "1.31.0",
        "contentHash": "7v58S0xqY1ZmLui5BnK3FQEWagRhmhkR/9yLrxF5rQGppGfcMaw7W0a2wgT1SWnT6ug0dmr1B2I4VWhlY/yvng==",
        "dependencies": {
          "Microsoft.ML.OnnxRuntime.Managed": "1.31.0"
        }
      },
      "Microsoft.ML.OnnxRuntimeGenAI": {
        "type": "Direct",
        "requested": "[0.17.1, )",
        "resolved": "0.17.1",
        "contentHash": "ilVYETKd71LXTiQtFqZ0wI7VS68h2J74J4CB7hO/0tXLeZZg0UshaJ4/tH1KL9N1CT4hocFMzYlH1gQqpmUfGw==",
        "dependencies": {
          "Microsoft.ML.OnnxRuntime": "1.30.0",
          "Microsoft.ML.OnnxRuntimeGenAI.Managed": "0.17.1"
        }
      },
      "Microsoft.ML.OnnxRuntimeGenAI.Cuda": {
        "type": "Direct",
        "requested": "[0.17.1, )",
        "resolved": "0.17.1",
        "contentHash": "cycqHKeuZ2TvWk6n3vPp74zlyBJOltHusM8RRBygTh/UbYpJDJd/zhVdw70qsbsVynjBqRs7HXKpqwiMAwVNOQ==",
        "dependencies": {
          "Microsoft.ML.OnnxRuntime.Gpu": "1.30.0",
          "Microsoft.ML.OnnxRuntimeGenAI.Managed": "0.17.1"
        }
      },
      "Microsoft.ML.OnnxRuntime.Gpu.Linux": {
        "type": "Transitive",
        "resolved": "1.31.0",
        "contentHash": "lX6jDc8Xm3IZMKdUgyteT9PaMVMDSthBa7xJ2bqWo2QR3NbX439bDlUvlkVOeLkWbNz4Cw69vEgnTOIzyK1GAQ==",
        "dependencies": {
          "Microsoft.ML.OnnxRuntime.Managed": "1.31.0"
        }
      },
      "Microsoft.ML.OnnxRuntime.Gpu.Windows": {
        "type": "CentralTransitive",
        "requested": "[1.31.0, )",
        "resolved": "1.31.0",
        "contentHash": "Hm5ysNQmVDDYDK0wdND2gN5tGbgM0qEu7rL+HrEyi1zNadBKK1k9hXdIacBLc6kyIY4d2DsxXp5vrBJROn189w==",
        "dependencies": {
          "Microsoft.ML.OnnxRuntime.Managed": "1.31.0"
        }
      }
    },
    "net10.0/osx-x64": {
      "Microsoft.ML.OnnxRuntime": {
        "type": "Direct",
        "requested": "[1.31.0, )",
        "resolved": "1.31.0",
        "contentHash": "7v58S0xqY1ZmLui5BnK3FQEWagRhmhkR/9yLrxF5rQGppGfcMaw7W0a2wgT1SWnT6ug0dmr1B2I4VWhlY/yvng==",
        "dependencies": {
          "Microsoft.ML.OnnxRuntime.Managed": "1.31.0"
        }
      },
      "Microsoft.ML.OnnxRuntimeGenAI": {
        "type": "Direct",
        "requested": "[0.17.1, )",
        "resolved": "0.17.1",
        "contentHash": "ilVYETKd71LXTiQtFqZ0wI7VS68h2J74J4CB7hO/0tXLeZZg0UshaJ4/tH1KL9N1CT4hocFMzYlH1gQqpmUfGw==",
        "dependencies": {
          "Microsoft.ML.OnnxRuntime": "1.30.0",
          "Microsoft.ML.OnnxRuntimeGenAI.Managed": "0.17.1"
        }
      },
      "Microsoft.ML.OnnxRuntimeGenAI.Cuda": {
        "type": "Direct",
        "requested": "[0.17.1, )",
        "resolved": "0.17.1",
        "contentHash": "cycqHKeuZ2TvWk6n3vPp74zlyBJOltHusM8RRBygTh/UbYpJDJd/zhVdw70qsbsVynjBqRs7HXKpqwiMAwVNOQ==",
        "dependencies": {
          "Microsoft.ML.OnnxRuntime.Gpu": "1.30.0",
          "Microsoft.ML.OnnxRuntimeGenAI.Managed": "0.17.1"
        }
      },
      "Microsoft.ML.OnnxRuntime.Gpu.Linux": {
        "type": "Transitive",
        "resolved": "1.31.0",
        "contentHash": "lX6jDc8Xm3IZMKdUgyteT9PaMVMDSthBa7xJ2bqWo2QR3NbX439bDlUvlkVOeLkWbNz4Cw69vEgnTOIzyK1GAQ==",
        "dependencies": {
          "Microsoft.ML.OnnxRuntime.Managed": "1.31.0"
        }
      },
      "Microsoft.ML.OnnxRuntime.Gpu.Windows": {
        "type": "CentralTransitive",
        "requested": "[1.31.0, )",
        "resolved": "1.31.0",
        "contentHash": "Hm5ysNQmVDDYDK0wdND2gN5tGbgM0qEu7rL+HrEyi1zNadBKK1k9hXdIacBLc6kyIY4d2DsxXp5vrBJROn189w==",
        "dependencies": {
          "Microsoft.ML.OnnxRuntime.Managed": "1.31.0"
        }
      }
    },
    "net10.0/win-arm64": {
      "Microsoft.ML.OnnxRuntime": {
        "type": "Direct",
        "requested": "[1.31.0, )",
        "resolved": "1.31.0",
        "contentHash": "7v58S0xqY1ZmLui5BnK3FQEWagRhmhkR/9yLrxF5rQGppGfcMaw7W0a2wgT1SWnT6ug0dmr1B2I4VWhlY/yvng==",
        "dependencies": {
          "Microsoft.ML.OnnxRuntime.Managed": "1.31.0"
        }
      },
      "Microsoft.ML.OnnxRuntimeGenAI": {
        "type": "Direct",
        "requested": "[0.17.1, )",
        "resolved": "0.17.1",
        "contentHash": "ilVYETKd71LXTiQtFqZ0wI7VS68h2J74J4CB7hO/0tXLeZZg0UshaJ4/tH1KL9N1CT4hocFMzYlH1gQqpmUfGw==",
        "dependencies": {
          "Microsoft.ML.OnnxRuntime": "1.30.0",
          "Microsoft.ML.OnnxRuntimeGenAI.Managed": "0.17.1"
        }
      },
      "Microsoft.ML.OnnxRuntimeGenAI.Cuda": {
        "type": "Direct",
        "requested": "[0.17.1, )",
        "resolved": "0.17.1",
        "contentHash": "cycqHKeuZ2TvWk6n3vPp74zlyBJOltHusM8RRBygTh/UbYpJDJd/zhVdw70qsbsVynjBqRs7HXKpqwiMAwVNOQ==",
        "dependencies": {
          "Microsoft.ML.OnnxRuntime.Gpu": "1.30.0",
          "Microsoft.ML.OnnxRuntimeGenAI.Managed": "0.17.1"
        }
      },
      "Microsoft.ML.OnnxRuntime.Gpu.Linux": {
        "type": "Transitive",
        "resolved": "1.31.0",
        "contentHash": "lX6jDc8Xm3IZMKdUgyteT9PaMVMDSthBa7xJ2bqWo2QR3NbX439bDlUvlkVOeLkWbNz4Cw69vEgnTOIzyK1GAQ==",
        "dependencies": {
          "Microsoft.ML.OnnxRuntime.Managed": "1.31.0"
        }
      },
      "Microsoft.ML.OnnxRuntime.Gpu.Windows": {
        "type": "CentralTransitive",
        "requested": "[1.31.0, )",
        "resolved": "1.31.0",
        "contentHash": "Hm5ysNQmVDDYDK0wdND2gN5tGbgM0qEu7rL+HrEyi1zNadBKK1k9hXdIacBLc6kyIY4d2DsxXp5vrBJROn189w==",
        "dependencies": {
          "Microsoft.ML.OnnxRuntime.Managed": "1.31.0"
        }
      }
    },
    "net10.0/win-x64": {
      "Microsoft.ML.OnnxRuntime": {
        "type": "Direct",
        "requested": "[1.31.0, )",
        "resolved": "1.31.0",
        "contentHash": "7v58S0xqY1ZmLui5BnK3FQEWagRhmhkR/9yLrxF5rQGppGfcMaw7W0a2wgT1SWnT6ug0dmr1B2I4VWhlY/yvng==",
        "dependencies": {
          "Microsoft.ML.OnnxRuntime.Managed": "1.31.0"
        }
      },
      "Microsoft.ML.OnnxRuntimeGenAI": {
        "type": "Direct",
        "requested": "[0.17.1, )",
        "resolved": "0.17.1",
        "contentHash": "ilVYETKd71LXTiQtFqZ0wI7VS68h2J74J4CB7hO/0tXLeZZg0UshaJ4/tH1KL9N1CT4hocFMzYlH1gQqpmUfGw==",
        "dependencies": {
          "Microsoft.ML.OnnxRuntime": "1.30.0",
          "Microsoft.ML.OnnxRuntimeGenAI.Managed": "0.17.1"
        }
      },
      "Microsoft.ML.OnnxRuntimeGenAI.Cuda": {
        "type": "Direct",
        "requested": "[0.17.1, )",
        "resolved": "0.17.1",
        "contentHash": "cycqHKeuZ2TvWk6n3vPp74zlyBJOltHusM8RRBygTh/UbYpJDJd/zhVdw70qsbsVynjBqRs7HXKpqwiMAwVNOQ==",
        "dependencies": {
          "Microsoft.ML.OnnxRuntime.Gpu": "1.30.0",
          "Microsoft.ML.OnnxRuntimeGenAI.Managed": "0.17.1"
        }
      },
      "Microsoft.ML.OnnxRuntime.Gpu.Linux": {
        "type": "Transitive",
        "resolved": "1.31.0",
        "contentHash": "lX6jDc8Xm3IZMKdUgyteT9PaMVMDSthBa7xJ2bqWo2QR3NbX439bDlUvlkVOeLkWbNz4Cw69vEgnTOIzyK1GAQ==",
        "dependencies": {
          "Microsoft.ML.OnnxRuntime.Managed": "1.31.0"
        }
      },
      "Microsoft.ML.OnnxRuntime.Gpu.Windows": {
        "type": "CentralTransitive",
        "requested": "[1.31.0, )",
        "resolved": "1.31.0",
        "contentHash": "Hm5ysNQmVDDYDK0wdND2gN5tGbgM0qEu7rL+HrEyi1zNadBKK1k9hXdIacBLc6kyIY4d2DsxXp5vrBJROn189w==",
        "dependencies": {
          "Microsoft.ML.OnnxRuntime.Managed": "1.31.0"
        }
      }
    }
  }
}