{
  "version": 2,
  "dependencies": {
    "net10.0": {
      "MathNet.Numerics": {
        "type": "Direct",
        "requested": "[5.0.0, )",
        "resolved": "5.0.0",
        "contentHash": "pg1W2VwaEQMAiTpGK840hZgzavnqjlCMTVSbtVCXVyT+7AX4mc1o89SPv4TBlAjhgCOo9c1Y+jZ5m3ti2YgGgA=="
      },
      "Microsoft.ML.OnnxRuntime.Gpu": {
        "type": "Direct",
        "requested": "[1.29.0, )",
        "resolved": "1.29.0",
        "contentHash": "1oDKX7yWbXDMhQDUQp2RfDl9deS+TmASY5MLShXF4JvXc3RcEywkyMN2y3TJyYIuxtd6uXnI52RcRaCS7piG9g==",
        "dependencies": {
          "Microsoft.ML.OnnxRuntime.Gpu.Linux": "1.29.0",
          "Microsoft.ML.OnnxRuntime.Gpu.Windows": "1.29.0",
          "Microsoft.ML.OnnxRuntime.Managed": "1.29.0"
        }
      },
      "Microsoft.ML.OnnxRuntimeGenAI.Cuda": {
        "type": "Direct",
        "requested": "[0.13.1, )",
        "resolved": "0.13.1",
        "contentHash": "RWO2+PKANIyQXHpozbHhQW9aySaBAoi1tIX27SMQA+/AXXpX4jP1k5Ws/2kJZsmxclCzx5zLUeywe5+JhN6EXQ==",
        "dependencies": {
          "Microsoft.ML.OnnxRuntime.Gpu": "1.24.4",
          "Microsoft.ML.OnnxRuntimeGenAI.Managed": "0.13.1"
        }
      },
      "Microsoft.ML.Tokenizers": {
        "type": "Direct",
        "requested": "[3.0.0-preview.26428.2, )",
        "resolved": "3.0.0-preview.26428.2",
        "contentHash": "5AE6NBL75gwqVKgzVsb5h1Ln8Lw2O4o5C+Cak4z6rxT7ug1Xy4qmXXqLM6FyyczOcYElYONDxds5F5NWeYm8yA=="
      },
      "Microsoft.Extensions.AI.Abstractions": {
        "type": "Transitive",
        "resolved": "9.8.0",
        "contentHash": "0++t+lPqX5amr7Kgh+ZFm1C5hhzMmFc5Dhoc6siNZ4sPXxy0pLTFRk+4vHn0hZf7Xe8Y9OoqL2cL4oTdjt8STQ=="
      },
      "Microsoft.ML.OnnxRuntime.Gpu.Linux": {
        "type": "Transitive",
        "resolved": "1.29.0",
        "contentHash": "D4i3HQ9euhXjAQqweUzcET2yFZv7f5Vh/nNLAAcM7Z1qLULeyAWOJuX82QCACZ9jogaj2d2AR29KFzbteYv5mQ==",
        "dependencies": {
          "Microsoft.ML.OnnxRuntime.Managed": "1.29.0"
        }
      },
      "Microsoft.ML.OnnxRuntime.Gpu.Windows": {
        "type": "Transitive",
        "resolved": "1.29.0",
        "contentHash": "ZdF1BDQcdfR3znD/VylKcGw1BxIapYIq1kTmzvyZtLCw2wNBPjeTIzrxH5uOoR6iJE1zCJzKyw/ETMLqQXqcFw==",
        "dependencies": {
          "Microsoft.ML.OnnxRuntime.Managed": "1.29.0"
        }
      },
      "Microsoft.ML.OnnxRuntime.Managed": {
        "type": "Transitive",
        "resolved": "1.29.0",
        "contentHash": "jLy5PtzvRQCBFOczzfRY7zpuMVUyLwjO0Jsdd8MBZdmnPIqx5vW9cYDNyCqkrYpwkof8GlqBVaEUMWrMWRtvuw==",
        "dependencies": {
          "System.Numerics.Tensors": "9.0.0"
        }
      },
      "System.Numerics.Tensors": {
        "type": "Transitive",
        "resolved": "9.0.0",
        "contentHash": "hyJB4UlpAi19Xr9AXzu2NuagKC4lPfHObNMEAA0HmqFz2rX7wKgzeYzO/jM/eBHDhnUGFFEjk5cOoJaxqg5J4A=="
      },
      "trackdub.contracts": {
        "type": "Project",
        "dependencies": {
          "Trackdub.Domain": "[1.0.0, )"
        }
      },
      "trackdub.domain": {
        "type": "Project"
      },
      "trackdub.inference": {
        "type": "Project",
        "dependencies": {
          "Microsoft.Extensions.Logging.Abstractions": "[10.0.11, )",
          "Trackdub.Contracts": "[1.0.0, )",
          "Trackdub.Domain": "[1.0.0, )"
        }
      },
      "Microsoft.Extensions.DependencyInjection.Abstractions": {
        "type": "CentralTransitive",
        "requested": "[10.0.11, )",
        "resolved": "10.0.11",
        "contentHash": "/a1aJz4m7ylhEDf25ugQChLQoN5XwoGjWw/BoR/ZWWKsO1v4DdJElS1uyngahz4B/eOzjFk1KNTkarRLE5wsIg=="
      },
      "Microsoft.Extensions.Logging.Abstractions": {
        "type": "CentralTransitive",
        "requested": "[10.0.11, )",
        "resolved": "10.0.11",
        "contentHash": "Ljd0Uxoq5XpScD2Bg0nM/r3mwx7Ao5Uq24eo2ARxbGvqJ7Zht6rt2cJtwVRH4Cv+1ZVMdXz6TB43KbpmsxRrvQ==",
        "dependencies": {
          "Microsoft.Extensions.DependencyInjection.Abstractions": "10.0.11"
        }
      },
      "Microsoft.ML.OnnxRuntimeGenAI.Managed": {
        "type": "CentralTransitive",
        "requested": "[0.15.2, )",
        "resolved": "0.13.1",
        "contentHash": "OC+BCtpZFmqk5XSKvv1/k3zpZ+v7riKVSJgVN/LAiQCZmQCwzH34QE6ZNFk7VpCghGDjrkb5E5i7IpKixBSTIw==",
        "dependencies": {
          "Microsoft.Extensions.AI.Abstractions": "9.8.0"
        }
      }
    },
    "net10.0/linux-arm64": {
      "Microsoft.ML.OnnxRuntimeGenAI.Cuda": {
        "type": "Direct",
        "requested": "[0.13.1, )",
        "resolved": "0.13.1",
        "contentHash": "RWO2+PKANIyQXHpozbHhQW9aySaBAoi1tIX27SMQA+/AXXpX4jP1k5Ws/2kJZsmxclCzx5zLUeywe5+JhN6EXQ==",
        "dependencies": {
          "Microsoft.ML.OnnxRuntime.Gpu": "1.24.4",
          "Microsoft.ML.OnnxRuntimeGenAI.Managed": "0.13.1"
        }
      },
      "Microsoft.ML.OnnxRuntime.Gpu.Linux": {
        "type": "Transitive",
        "resolved": "1.29.0",
        "contentHash": "D4i3HQ9euhXjAQqweUzcET2yFZv7f5Vh/nNLAAcM7Z1qLULeyAWOJuX82QCACZ9jogaj2d2AR29KFzbteYv5mQ==",
        "dependencies": {
          "Microsoft.ML.OnnxRuntime.Managed": "1.29.0"
        }
      },
      "Microsoft.ML.OnnxRuntime.Gpu.Windows": {
        "type": "Transitive",
        "resolved": "1.29.0",
        "contentHash": "ZdF1BDQcdfR3znD/VylKcGw1BxIapYIq1kTmzvyZtLCw2wNBPjeTIzrxH5uOoR6iJE1zCJzKyw/ETMLqQXqcFw==",
        "dependencies": {
          "Microsoft.ML.OnnxRuntime.Managed": "1.29.0"
        }
      }
    },
    "net10.0/linux-x64": {
      "Microsoft.ML.OnnxRuntimeGenAI.Cuda": {
        "type": "Direct",
        "requested": "[0.13.1, )",
        "resolved": "0.13.1",
        "contentHash": "RWO2+PKANIyQXHpozbHhQW9aySaBAoi1tIX27SMQA+/AXXpX4jP1k5Ws/2kJZsmxclCzx5zLUeywe5+JhN6EXQ==",
        "dependencies": {
          "Microsoft.ML.OnnxRuntime.Gpu": "1.24.4",
          "Microsoft.ML.OnnxRuntimeGenAI.Managed": "0.13.1"
        }
      },
      "Microsoft.ML.OnnxRuntime.Gpu.Linux": {
        "type": "Transitive",
        "resolved": "1.29.0",
        "contentHash": "D4i3HQ9euhXjAQqweUzcET2yFZv7f5Vh/nNLAAcM7Z1qLULeyAWOJuX82QCACZ9jogaj2d2AR29KFzbteYv5mQ==",
        "dependencies": {
          "Microsoft.ML.OnnxRuntime.Managed": "1.29.0"
        }
      },
      "Microsoft.ML.OnnxRuntime.Gpu.Windows": {
        "type": "Transitive",
        "resolved": "1.29.0",
        "contentHash": "ZdF1BDQcdfR3znD/VylKcGw1BxIapYIq1kTmzvyZtLCw2wNBPjeTIzrxH5uOoR6iJE1zCJzKyw/ETMLqQXqcFw==",
        "dependencies": {
          "Microsoft.ML.OnnxRuntime.Managed": "1.29.0"
        }
      }
    },
    "net10.0/osx-arm64": {
      "Microsoft.ML.OnnxRuntimeGenAI.Cuda": {
        "type": "Direct",
        "requested": "[0.13.1, )",
        "resolved": "0.13.1",
        "contentHash": "RWO2+PKANIyQXHpozbHhQW9aySaBAoi1tIX27SMQA+/AXXpX4jP1k5Ws/2kJZsmxclCzx5zLUeywe5+JhN6EXQ==",
        "dependencies": {
          "Microsoft.ML.OnnxRuntime.Gpu": "1.24.4",
          "Microsoft.ML.OnnxRuntimeGenAI.Managed": "0.13.1"
        }
      },
      "Microsoft.ML.OnnxRuntime.Gpu.Linux": {
        "type": "Transitive",
        "resolved": "1.29.0",
        "contentHash": "D4i3HQ9euhXjAQqweUzcET2yFZv7f5Vh/nNLAAcM7Z1qLULeyAWOJuX82QCACZ9jogaj2d2AR29KFzbteYv5mQ==",
        "dependencies": {
          "Microsoft.ML.OnnxRuntime.Managed": "1.29.0"
        }
      },
      "Microsoft.ML.OnnxRuntime.Gpu.Windows": {
        "type": "Transitive",
        "resolved": "1.29.0",
        "contentHash": "ZdF1BDQcdfR3znD/VylKcGw1BxIapYIq1kTmzvyZtLCw2wNBPjeTIzrxH5uOoR6iJE1zCJzKyw/ETMLqQXqcFw==",
        "dependencies": {
          "Microsoft.ML.OnnxRuntime.Managed": "1.29.0"
        }
      }
    },
    "net10.0/osx-x64": {
      "Microsoft.ML.OnnxRuntimeGenAI.Cuda": {
        "type": "Direct",
        "requested": "[0.13.1, )",
        "resolved": "0.13.1",
        "contentHash": "RWO2+PKANIyQXHpozbHhQW9aySaBAoi1tIX27SMQA+/AXXpX4jP1k5Ws/2kJZsmxclCzx5zLUeywe5+JhN6EXQ==",
        "dependencies": {
          "Microsoft.ML.OnnxRuntime.Gpu": "1.24.4",
          "Microsoft.ML.OnnxRuntimeGenAI.Managed": "0.13.1"
        }
      },
      "Microsoft.ML.OnnxRuntime.Gpu.Linux": {
        "type": "Transitive",
        "resolved": "1.29.0",
        "contentHash": "D4i3HQ9euhXjAQqweUzcET2yFZv7f5Vh/nNLAAcM7Z1qLULeyAWOJuX82QCACZ9jogaj2d2AR29KFzbteYv5mQ==",
        "dependencies": {
          "Microsoft.ML.OnnxRuntime.Managed": "1.29.0"
        }
      },
      "Microsoft.ML.OnnxRuntime.Gpu.Windows": {
        "type": "Transitive",
        "resolved": "1.29.0",
        "contentHash": "ZdF1BDQcdfR3znD/VylKcGw1BxIapYIq1kTmzvyZtLCw2wNBPjeTIzrxH5uOoR6iJE1zCJzKyw/ETMLqQXqcFw==",
        "dependencies": {
          "Microsoft.ML.OnnxRuntime.Managed": "1.29.0"
        }
      }
    },
    "net10.0/win-arm64": {
      "Microsoft.ML.OnnxRuntimeGenAI.Cuda": {
        "type": "Direct",
        "requested": "[0.13.1, )",
        "resolved": "0.13.1",
        "contentHash": "RWO2+PKANIyQXHpozbHhQW9aySaBAoi1tIX27SMQA+/AXXpX4jP1k5Ws/2kJZsmxclCzx5zLUeywe5+JhN6EXQ==",
        "dependencies": {
          "Microsoft.ML.OnnxRuntime.Gpu": "1.24.4",
          "Microsoft.ML.OnnxRuntimeGenAI.Managed": "0.13.1"
        }
      },
      "Microsoft.ML.OnnxRuntime.Gpu.Linux": {
        "type": "Transitive",
        "resolved": "1.29.0",
        "contentHash": "D4i3HQ9euhXjAQqweUzcET2yFZv7f5Vh/nNLAAcM7Z1qLULeyAWOJuX82QCACZ9jogaj2d2AR29KFzbteYv5mQ==",
        "dependencies": {
          "Microsoft.ML.OnnxRuntime.Managed": "1.29.0"
        }
      },
      "Microsoft.ML.OnnxRuntime.Gpu.Windows": {
        "type": "Transitive",
        "resolved": "1.29.0",
        "contentHash": "ZdF1BDQcdfR3znD/VylKcGw1BxIapYIq1kTmzvyZtLCw2wNBPjeTIzrxH5uOoR6iJE1zCJzKyw/ETMLqQXqcFw==",
        "dependencies": {
          "Microsoft.ML.OnnxRuntime.Managed": "1.29.0"
        }
      }
    },
    "net10.0/win-x64": {
      "Microsoft.ML.OnnxRuntimeGenAI.Cuda": {
        "type": "Direct",
        "requested": "[0.13.1, )",
        "resolved": "0.13.1",
        "contentHash": "RWO2+PKANIyQXHpozbHhQW9aySaBAoi1tIX27SMQA+/AXXpX4jP1k5Ws/2kJZsmxclCzx5zLUeywe5+JhN6EXQ==",
        "dependencies": {
          "Microsoft.ML.OnnxRuntime.Gpu": "1.24.4",
          "Microsoft.ML.OnnxRuntimeGenAI.Managed": "0.13.1"
        }
      },
      "Microsoft.ML.OnnxRuntime.Gpu.Linux": {
        "type": "Transitive",
        "resolved": "1.29.0",
        "contentHash": "D4i3HQ9euhXjAQqweUzcET2yFZv7f5Vh/nNLAAcM7Z1qLULeyAWOJuX82QCACZ9jogaj2d2AR29KFzbteYv5mQ==",
        "dependencies": {
          "Microsoft.ML.OnnxRuntime.Managed": "1.29.0"
        }
      },
      "Microsoft.ML.OnnxRuntime.Gpu.Windows": {
        "type": "Transitive",
        "resolved": "1.29.0",
        "contentHash": "ZdF1BDQcdfR3znD/VylKcGw1BxIapYIq1kTmzvyZtLCw2wNBPjeTIzrxH5uOoR6iJE1zCJzKyw/ETMLqQXqcFw==",
        "dependencies": {
          "Microsoft.ML.OnnxRuntime.Managed": "1.29.0"
        }
      }
    }
  }
}