{
  "version": 2,
  "dependencies": {
    "net10.0": {
      "LibVLCSharp": {
        "type": "Direct",
        "requested": "[3.9.7.1, )",
        "resolved": "3.9.7.1",
        "contentHash": "pkntybICe0d8d6QUksQxRoqEUaIItyVe36CY+L5vrj5XD4aAcb0e8gHe5BLNMZH+uIsSgaeiki5DdNmhjvLo9Q=="
      },
      "trackdub.application": {
        "type": "Project",
        "dependencies": {
          "Microsoft.Extensions.DependencyInjection.Abstractions": "[10.0.0, )",
          "Microsoft.Extensions.Logging.Abstractions": "[10.0.0, )",
          "Trackdub.Contracts": "[1.0.0, )",
          "Trackdub.Domain": "[1.0.0, )",
          "Trackdub.Licensing": "[1.0.0, )"
        }
      },
      "trackdub.contracts": {
        "type": "Project",
        "dependencies": {
          "Trackdub.Domain": "[1.0.0, )"
        }
      },
      "trackdub.domain": {
        "type": "Project"
      },
      "trackdub.licensing": {
        "type": "Project",
        "dependencies": {
          "Microsoft.Extensions.Logging.Abstractions": "[10.0.0, )"
        }
      },
      "Microsoft.Extensions.DependencyInjection.Abstractions": {
        "type": "CentralTransitive",
        "requested": "[10.0.0, )",
        "resolved": "10.0.0",
        "contentHash": "L3AdmZ1WOK4XXT5YFPEwyt0ep6l8lGIPs7F5OOBZc77Zqeo01Of7XXICy47628sdVl0v/owxYJTe86DTgFwKCA=="
      },
      "Microsoft.Extensions.Logging.Abstractions": {
        "type": "CentralTransitive",
        "requested": "[10.0.0, )",
        "resolved": "10.0.0",
        "contentHash": "FU/IfjDfwaMuKr414SSQNTIti/69bHEMb+QKrskRb26oVqpx3lNFXMjs/RC9ZUuhBhcwDM2BwOgoMw+PZ+beqQ==",
        "dependencies": {
          "Microsoft.Extensions.DependencyInjection.Abstractions": "10.0.0"
        }
      }
    },
    "net10.0-windows10.0.19041": {
      "LibVLCSharp": {
        "type": "Direct",
        "requested": "[3.9.7.1, )",
        "resolved": "3.9.7.1",
        "contentHash": "pkntybICe0d8d6QUksQxRoqEUaIItyVe36CY+L5vrj5XD4aAcb0e8gHe5BLNMZH+uIsSgaeiki5DdNmhjvLo9Q==",
        "dependencies": {
          "Microsoft.WindowsAppSDK": "1.8.251106002",
          "SharpDX.Direct3D11": "4.2.0"
        }
      },
      "Microsoft.NETCore.Platforms": {
        "type": "Transitive",
        "resolved": "1.1.0",
        "contentHash": "kz0PEW2lhqygehI/d6XsPCQzD7ff7gUJaVGPVETX611eadGsA3A877GdSlU0LRVMCTH/+P3o2iDTak+S08V2+A=="
      },
      "Microsoft.Web.WebView2": {
        "type": "Transitive",
        "resolved": "1.0.3179.45",
        "contentHash": "3pokSH5CnN0G6rGhGFo1y87inxYhNxBQ2Vdf0wlvBj99KHxQJormjDACmqRnFeUsmuNFIhWwfAL1ztq7wD5qRA=="
      },
      "Microsoft.Windows.SDK.BuildTools": {
        "type": "Transitive",
        "resolved": "10.0.26100.4654",
        "contentHash": "2mgcOlj/t2RfSyyw+pVESfO+Tk1RkfQzto9Vrq42M1lUQIfQEwbi8QLha9GXWIOj+TFzeHIEJckIoF25mgiM8A=="
      },
      "Microsoft.Windows.SDK.BuildTools.MSIX": {
        "type": "Transitive",
        "resolved": "1.7.20250829.1",
        "contentHash": "IMdvRmCIZnBS5GkYnv0po1bcx6U1OF39pqA4TphQ9evDzpCRoSE19/PkDvlUNNrBavTsLIEJgd/TAIFner75ow=="
      },
      "Microsoft.WindowsAppSDK": {
        "type": "Transitive",
        "resolved": "1.8.251106002",
        "contentHash": "IiDYOHJahku9GuajXLCNWkrhsG+Fbd2GsWpINLXhm3nF8mXzGPmFtateotJWnE0BKCa4Ua1+O4nYJ4gUC9+NXg==",
        "dependencies": {
          "Microsoft.WindowsAppSDK.AI": "[1.8.39]",
          "Microsoft.WindowsAppSDK.Base": "[1.8.250831001]",
          "Microsoft.WindowsAppSDK.DWrite": "[1.8.25090401]",
          "Microsoft.WindowsAppSDK.Foundation": "[1.8.251104000]",
          "Microsoft.WindowsAppSDK.InteractiveExperiences": "[1.8.251104001]",
          "Microsoft.WindowsAppSDK.ML": "[1.8.2109]",
          "Microsoft.WindowsAppSDK.Runtime": "[1.8.251106002]",
          "Microsoft.WindowsAppSDK.Widgets": "[1.8.250904007]",
          "Microsoft.WindowsAppSDK.WinUI": "[1.8.251105000]"
        }
      },
      "Microsoft.WindowsAppSDK.AI": {
        "type": "Transitive",
        "resolved": "1.8.39",
        "contentHash": "jYx8PqQZjB59MU+/IcelwWa0iUnNYkSIWyirDLb50/6uaSVK+FMKsdvV5ZxVuQmBIBUjqReOLRAdlsxxOVAE1Q==",
        "dependencies": {
          "Microsoft.WindowsAppSDK.Base": "1.8.250831001",
          "Microsoft.WindowsAppSDK.Foundation": "1.8.251104000"
        }
      },
      "Microsoft.WindowsAppSDK.Base": {
        "type": "Transitive",
        "resolved": "1.8.250831001",
        "contentHash": "8LlfXBS2Hpw+OoVXViJmIOPXl0nMbqMaFR3j6+QHFNc62VULwPEcXiMRcP2WbV/+mtC7W2LH6yx6uu/Hrr9lVw==",
        "dependencies": {
          "Microsoft.Windows.SDK.BuildTools": "10.0.26100.4654",
          "Microsoft.Windows.SDK.BuildTools.MSIX": "1.7.20250829.1"
        }
      },
      "Microsoft.WindowsAppSDK.DWrite": {
        "type": "Transitive",
        "resolved": "1.8.25090401",
        "contentHash": "WJ0p9yMgiNYqU2O5ZKCXcb7FBjryIUUopgeYMvnlf1yBUYgdjMFMkoJqYVqkz866wnntiB2IZhLxEzhFzvVs1A==",
        "dependencies": {
          "Microsoft.WindowsAppSDK.Base": "1.8.250831001"
        }
      },
      "Microsoft.WindowsAppSDK.Foundation": {
        "type": "Transitive",
        "resolved": "1.8.251104000",
        "contentHash": "vvL3zpC8klGcaxUA7RbMuUMVAABD7jEMFhNKGAewOvey18i64mslbU0aIQM3+Bu4tQKsaGXSWYrJFsAU/Op4OA==",
        "dependencies": {
          "Microsoft.WindowsAppSDK.Base": "1.8.250831001",
          "Microsoft.WindowsAppSDK.InteractiveExperiences": "1.8.251104001"
        }
      },
      "Microsoft.WindowsAppSDK.InteractiveExperiences": {
        "type": "Transitive",
        "resolved": "1.8.251104001",
        "contentHash": "t4Vs1eMJqUpa5CbZ5SvO4j5VdyhNwtarNfYJAWar8dHejpNol3g+/t0l0ovKye+DKQpinWdGkuQSUX8Oc8M3ug==",
        "dependencies": {
          "Microsoft.WindowsAppSDK.Base": "1.8.250831001"
        }
      },
      "Microsoft.WindowsAppSDK.Widgets": {
        "type": "Transitive",
        "resolved": "1.8.250904007",
        "contentHash": "sgwdXYhb8S4JjBmWWiFxALT1xK0fJeAbisolctmodMX7tlvBXDgUyvl/GHfTQ61DGIiW+kokX61WR46L2YlhAA==",
        "dependencies": {
          "Microsoft.WindowsAppSDK.Base": "1.8.250831001"
        }
      },
      "Microsoft.WindowsAppSDK.WinUI": {
        "type": "Transitive",
        "resolved": "1.8.251105000",
        "contentHash": "G/f0Z27ALjjrrfjCUPxPSBkG6eLB20pBja8AFIOI87oYMGUKGwuMuZn7LqPkeQJMFPo04FonfljdJCIpsfnnbw==",
        "dependencies": {
          "Microsoft.Web.WebView2": "1.0.3179.45",
          "Microsoft.WindowsAppSDK.Base": "1.8.250831001",
          "Microsoft.WindowsAppSDK.Foundation": "1.8.251104000",
          "Microsoft.WindowsAppSDK.InteractiveExperiences": "1.8.251104001"
        }
      },
      "NETStandard.Library": {
        "type": "Transitive",
        "resolved": "1.6.1",
        "contentHash": "WcSp3+vP+yHNgS8EV5J7pZ9IRpeDuARBPN28by8zqff1wJQXm26PVU8L3/fYLBJVU7BtDyqNVWq2KlCVvSSR4A==",
        "dependencies": {
          "Microsoft.NETCore.Platforms": "1.1.0"
        }
      },
      "SharpDX": {
        "type": "Transitive",
        "resolved": "4.2.0",
        "contentHash": "3pv0LFMvfK/dv1qISJnn8xBeeT6R/FRvr0EV4KI2DGsL84Qlv6P7isWqxGyU0LCwlSVCJN3jgHJ4Bl0KI2PJww==",
        "dependencies": {
          "NETStandard.Library": "1.6.1"
        }
      },
      "SharpDX.Direct3D11": {
        "type": "Transitive",
        "resolved": "4.2.0",
        "contentHash": "oTm/iT5X/IIuJ8kNYP+DTC/MhBhqtRF5dbgPPFgLBdQv0BKzNTzXQQXd7SveBFjQg6hXEAJ2jGCAzNYvGFc9LA==",
        "dependencies": {
          "NETStandard.Library": "1.6.1",
          "SharpDX": "4.2.0",
          "SharpDX.DXGI": "4.2.0"
        }
      },
      "SharpDX.DXGI": {
        "type": "Transitive",
        "resolved": "4.2.0",
        "contentHash": "UjKqkgWc8U+SP+j3LBzFP6OB6Ntapjih7Xo+g1rLcsGbIb5KwewBrBChaUu7sil8rWoeVU/k0EJd3SMN4VqNZw==",
        "dependencies": {
          "NETStandard.Library": "1.6.1",
          "SharpDX": "4.2.0"
        }
      },
      "System.Numerics.Tensors": {
        "type": "Transitive",
        "resolved": "9.0.0",
        "contentHash": "hyJB4UlpAi19Xr9AXzu2NuagKC4lPfHObNMEAA0HmqFz2rX7wKgzeYzO/jM/eBHDhnUGFFEjk5cOoJaxqg5J4A=="
      },
      "trackdub.application": {
        "type": "Project",
        "dependencies": {
          "Microsoft.Extensions.DependencyInjection.Abstractions": "[10.0.0, )",
          "Microsoft.Extensions.Logging.Abstractions": "[10.0.0, )",
          "Trackdub.Contracts": "[1.0.0, )",
          "Trackdub.Domain": "[1.0.0, )",
          "Trackdub.Licensing": "[1.0.0, )"
        }
      },
      "trackdub.contracts": {
        "type": "Project",
        "dependencies": {
          "Trackdub.Domain": "[1.0.0, )"
        }
      },
      "trackdub.domain": {
        "type": "Project"
      },
      "trackdub.licensing": {
        "type": "Project",
        "dependencies": {
          "Microsoft.Extensions.Logging.Abstractions": "[10.0.0, )"
        }
      },
      "Microsoft.Extensions.DependencyInjection.Abstractions": {
        "type": "CentralTransitive",
        "requested": "[10.0.0, )",
        "resolved": "10.0.0",
        "contentHash": "L3AdmZ1WOK4XXT5YFPEwyt0ep6l8lGIPs7F5OOBZc77Zqeo01Of7XXICy47628sdVl0v/owxYJTe86DTgFwKCA=="
      },
      "Microsoft.Extensions.Logging.Abstractions": {
        "type": "CentralTransitive",
        "requested": "[10.0.0, )",
        "resolved": "10.0.0",
        "contentHash": "FU/IfjDfwaMuKr414SSQNTIti/69bHEMb+QKrskRb26oVqpx3lNFXMjs/RC9ZUuhBhcwDM2BwOgoMw+PZ+beqQ==",
        "dependencies": {
          "Microsoft.Extensions.DependencyInjection.Abstractions": "10.0.0"
        }
      },
      "Microsoft.WindowsAppSDK.ML": {
        "type": "CentralTransitive",
        "requested": "[1.8.2109, )",
        "resolved": "1.8.2109",
        "contentHash": "gfsSXBJrlsfnl1IID3AEasUvZXFFZk6n4iD2JP5BfheySaoWr/1JJVbqKYyRr7APe2kRzyztVW3eaj7KMfgR5A==",
        "dependencies": {
          "Microsoft.WindowsAppSDK.Base": "1.8.250831001",
          "Microsoft.WindowsAppSDK.Foundation": "1.8.251104000",
          "System.Numerics.Tensors": "9.0.0"
        }
      },
      "Microsoft.WindowsAppSDK.Runtime": {
        "type": "CentralTransitive",
        "requested": "[1.8.251106002, )",
        "resolved": "1.8.251106002",
        "contentHash": "5piaqsoXOTFXdtiGoqLhVPkG0HE3UD0g/S4D2i7I8MPO48eoaESJ4y/oUHzZFmSaqLQROWe8NJ9rXXNxxiL/gw==",
        "dependencies": {
          "Microsoft.WindowsAppSDK.Base": "1.8.250831001"
        }
      }
    }
  }
}