{
  "version": 2,
  "dependencies": {
    "net10.0": {
      "Microsoft.Extensions.DependencyInjection": {
        "type": "Direct",
        "requested": "[10.0.11, )",
        "resolved": "10.0.11",
        "contentHash": "PSmotV19c7E3lKed++uYo1kSiXFI+uTl37CBSrhq+CfLC3FCHjG7R91+xPnNehQfHS1b0Tzo/CCLPWH3qaEheg==",
        "dependencies": {
          "Microsoft.Extensions.DependencyInjection.Abstractions": "10.0.11"
        }
      },
      "Microsoft.Extensions.FileSystemGlobbing": {
        "type": "Direct",
        "requested": "[10.0.0, )",
        "resolved": "10.0.0",
        "contentHash": "5hfVl/e+bx1px2UkN+1xXhd3hu7Ui6ENItBzckFaRDQXfr+SHT/7qrCDrlQekCF/PBtEu2vtk87U2+gDEF8EhQ=="
      },
      "ICU4N": {
        "type": "Transitive",
        "resolved": "60.1.0-alpha.440",
        "contentHash": "o69Tpp8L3Mke6EGuWparSbUg5sNYmeNDbzaJjGD203T05GTPLMuOPubAtYi2MMHnAyDvJlOoynpgs/dEX58CZw==",
        "dependencies": {
          "ICU4N.Resources": "[60.1.0-alpha.440]",
          "J2N": "[2.1.0, 3.0.0)",
          "Microsoft.Extensions.Caching.Memory": "6.0.2"
        }
      },
      "ICU4N.Resources": {
        "type": "Transitive",
        "resolved": "60.1.0-alpha.440",
        "contentHash": "imnVoq/5f+B8ouQPohMiZwit79wa2eDPm8cy0ctzxN1gHF0TmwhKbnqsyb8uHrPFOUihGwVVdiQOgyUJcVsh4A=="
      },
      "J2N": {
        "type": "Transitive",
        "resolved": "2.1.0",
        "contentHash": "Vooz1wbnnqWuS+u93tADXK5Owxo8vLJhSrZ9Ac+KpgDF3GJq9TybXXTF1TFcWILgEtRThc8AOBENEzB0TQH1JA=="
      },
      "Lucene.Net": {
        "type": "Transitive",
        "resolved": "4.8.0-beta00018",
        "contentHash": "iBkkpkDbAHjpZ0dnukFnWnjxSNmsRHOSxrYBBKbtcYJZ8PQRrKsqGGyNm8xmh4ORvsJ1WM7i5A9whiyA8WhNrQ==",
        "dependencies": {
          "J2N": "[2.1.0, 3.0.0)",
          "Microsoft.Extensions.Configuration.Abstractions": "8.0.0"
        }
      },
      "Lucene.Net.Highlighter": {
        "type": "Transitive",
        "resolved": "4.8.0-beta00018",
        "contentHash": "6Sddu/12UlwVHnjw9YLoP4G+8FkiNJG9J+fOfGDVSYFs1QvYfBYj7es4yf2XTsQdXn0WimB06v/adr0CcJl9CQ==",
        "dependencies": {
          "Lucene.Net.Memory": "4.8.0-beta00018",
          "Lucene.Net.Queries": "4.8.0-beta00018"
        }
      },
      "Lucene.Net.ICU": {
        "type": "Transitive",
        "resolved": "4.8.0-beta00018",
        "contentHash": "SYDKWOGGuUoLztDums6gKWvHuuk69gYDZ3CaiIxpso5Wuwhax0zc9tSOhbVie9oekVsQQg3lpxOa0CveK5Niaw==",
        "dependencies": {
          "ICU4N": "[60.1.0-alpha.440, 60.1.0-alpha.450)",
          "Lucene.Net": "4.8.0-beta00018",
          "Lucene.Net.Analysis.Common": "4.8.0-beta00018",
          "Lucene.Net.Highlighter": "4.8.0-beta00018"
        }
      },
      "Lucene.Net.Memory": {
        "type": "Transitive",
        "resolved": "4.8.0-beta00018",
        "contentHash": "FDdqAkKC33y/YTkx4uH5oci3OkNOdyyX0MWI/agSFn+7WlMxlj6CvH3tX+5fpi8Hf7EBqWjdP9hr26u4Kb4UNA==",
        "dependencies": {
          "Lucene.Net": "4.8.0-beta00018"
        }
      },
      "Lucene.Net.Queries": {
        "type": "Transitive",
        "resolved": "4.8.0-beta00018",
        "contentHash": "cS+Ea3m4ZcCId9MgYfgAs6UNiYfxykpNIZlf7nRPH/7zOa+TePX5ATM+0FLQu54bAkgWVAwV1T269PD0oQsToQ==",
        "dependencies": {
          "Lucene.Net": "4.8.0-beta00018"
        }
      },
      "Microsoft.Data.Sqlite.Core": {
        "type": "Transitive",
        "resolved": "10.0.11",
        "contentHash": "hubA20AGenQ4Sx0ElWaPpB8DISjXpdx463+1zOGRslsT0e/t/06ITv+pHsop8CcJ0d8PZLfgnT7juCDVD79Dkw==",
        "dependencies": {
          "SQLitePCLRaw.core": "2.1.12"
        }
      },
      "Microsoft.Extensions.AI.Abstractions": {
        "type": "Transitive",
        "resolved": "9.8.0",
        "contentHash": "0++t+lPqX5amr7Kgh+ZFm1C5hhzMmFc5Dhoc6siNZ4sPXxy0pLTFRk+4vHn0hZf7Xe8Y9OoqL2cL4oTdjt8STQ=="
      },
      "Microsoft.Extensions.Caching.Abstractions": {
        "type": "Transitive",
        "resolved": "6.0.0",
        "contentHash": "bcz5sSFJbganH0+YrfvIjJDIcKNW7TL07C4d1eTmXy/wOt52iz4LVogJb6pazs7W0+74j0YpXFErvp++Aq5Bsw==",
        "dependencies": {
          "Microsoft.Extensions.Primitives": "6.0.0"
        }
      },
      "Microsoft.Extensions.Caching.Memory": {
        "type": "Transitive",
        "resolved": "6.0.2",
        "contentHash": "ANjkN9TiBZXm5cvj3bb3QbezBzqkupCzxwgNf46d4V4ToRBHcEp3IEgbc67M3ZqVHQxaJgEncZ/frdqznpVWIw==",
        "dependencies": {
          "Microsoft.Extensions.Caching.Abstractions": "6.0.0",
          "Microsoft.Extensions.DependencyInjection.Abstractions": "6.0.0",
          "Microsoft.Extensions.Logging.Abstractions": "6.0.4",
          "Microsoft.Extensions.Options": "6.0.0",
          "Microsoft.Extensions.Primitives": "6.0.0"
        }
      },
      "Microsoft.Extensions.Configuration": {
        "type": "Transitive",
        "resolved": "10.0.11",
        "contentHash": "wlhRqZW8LcJPa+vk2oLAc/REXDItHtkFQdf/QcXYGZbZOO13izcsKY1pCvuFQYwUiZD+hwSZwsKASjqT+BNaVg==",
        "dependencies": {
          "Microsoft.Extensions.Configuration.Abstractions": "10.0.11",
          "Microsoft.Extensions.Primitives": "10.0.11"
        }
      },
      "Microsoft.Extensions.Configuration.Abstractions": {
        "type": "Transitive",
        "resolved": "10.0.11",
        "contentHash": "fVi053xdpda9Em7vSkmgVxO/PtgC2m78ekReKWsgcyskqY0U82Bz/MONwxpGzI0hElYKJfw+fupqMVeKW3fSaA==",
        "dependencies": {
          "Microsoft.Extensions.Primitives": "10.0.11"
        }
      },
      "Microsoft.Extensions.Configuration.Binder": {
        "type": "Transitive",
        "resolved": "10.0.11",
        "contentHash": "rFn8RuszZn3qquPVkDytMUlPc2+rXl9MCoygwc1XmAgC5vg5/oXJ8hkOosOrLoBLsqdTy4lFwP6iQdPS9uSYOA==",
        "dependencies": {
          "Microsoft.Extensions.Configuration": "10.0.11",
          "Microsoft.Extensions.Configuration.Abstractions": "10.0.11"
        }
      },
      "Microsoft.Extensions.Diagnostics": {
        "type": "Transitive",
        "resolved": "10.0.11",
        "contentHash": "HT70uGPxMLqqnOzKMcnQtDmeV4r0KHr4qVCLhP7SXil9jMEm8sQXwcybxVVFGXZJ1V44xV0mLqQ54aZbcR2OiQ==",
        "dependencies": {
          "Microsoft.Extensions.Configuration": "10.0.11",
          "Microsoft.Extensions.Diagnostics.Abstractions": "10.0.11",
          "Microsoft.Extensions.Options.ConfigurationExtensions": "10.0.11"
        }
      },
      "Microsoft.Extensions.Diagnostics.Abstractions": {
        "type": "Transitive",
        "resolved": "10.0.11",
        "contentHash": "se7Kx8QpJEt+nf26L4qIVAofGTDr1wbexxsh/Fm3Xc04xUkqUXK06KUS7FLwSQYSjqb7q9n+T7MEcXYBhI1Y5g==",
        "dependencies": {
          "Microsoft.Extensions.DependencyInjection.Abstractions": "10.0.11",
          "Microsoft.Extensions.Options": "10.0.11"
        }
      },
      "Microsoft.Extensions.Logging": {
        "type": "Transitive",
        "resolved": "10.0.11",
        "contentHash": "nUOJwgFkSiLHiVGFpU22pIJtuWYewuSYQ3JVuP/gdK8ASMT807Px+TYQiRWs6uSsOmoyFTaVCwKXTasczV6BpA==",
        "dependencies": {
          "Microsoft.Extensions.DependencyInjection": "10.0.11",
          "Microsoft.Extensions.Logging.Abstractions": "10.0.11",
          "Microsoft.Extensions.Options": "10.0.11"
        }
      },
      "Microsoft.Extensions.Options": {
        "type": "Transitive",
        "resolved": "10.0.11",
        "contentHash": "eY1GAKcTfD2maP27J84X9IovT3yjHJ2dVDzPmDg6/XqYvt3jMzJhtfQCLjG9pVsZGAd+8DQ2QrjaDcs2+VQLGw==",
        "dependencies": {
          "Microsoft.Extensions.DependencyInjection.Abstractions": "10.0.11",
          "Microsoft.Extensions.Primitives": "10.0.11"
        }
      },
      "Microsoft.Extensions.Primitives": {
        "type": "Transitive",
        "resolved": "10.0.11",
        "contentHash": "SXcz+kF+4Oo9b1+55zntpJFYfwb1jw66ioxptyNOOTDc8g2FHnBFWjZpsWfCvZIhzr0x+4e2trVTs4OKwQfBtw=="
      },
      "Microsoft.ML.OnnxRuntime.Managed": {
        "type": "Transitive",
        "resolved": "1.29.0",
        "contentHash": "jLy5PtzvRQCBFOczzfRY7zpuMVUyLwjO0Jsdd8MBZdmnPIqx5vW9cYDNyCqkrYpwkof8GlqBVaEUMWrMWRtvuw==",
        "dependencies": {
          "System.Numerics.Tensors": "9.0.0"
        }
      },
      "SourceGear.sqlite3": {
        "type": "Transitive",
        "resolved": "3.50.4.5",
        "contentHash": "UtnipXhJYZKQOQIfpws/msLK7IRhMplE1CZCaZLIQXRnGD474QVpO/J9nMlQQY8NZueGz1aidjoxDRnrC1NT3Q=="
      },
      "SQLitePCLRaw.config.e_sqlite3": {
        "type": "Transitive",
        "resolved": "3.0.3",
        "contentHash": "caP/ap0X2fyVmstCXu5ueOmcr2XWAxA2XyKghV7H4bOAFmq3nWcsGl9q44iY1HYG+i8Qr4G9XEqdfti0rV6/ZQ==",
        "dependencies": {
          "SQLitePCLRaw.provider.e_sqlite3": "3.0.3"
        }
      },
      "SQLitePCLRaw.core": {
        "type": "Transitive",
        "resolved": "3.0.3",
        "contentHash": "bjm6FY4lZyP+t7GmiuvSM0QXpFihAvyE0Y9O2yibm3g95AAWJPNnHOKVNJGyPTGIKuK7Pr4Wh8Rd8/aOtAclQw=="
      },
      "SQLitePCLRaw.provider.e_sqlite3": {
        "type": "Transitive",
        "resolved": "3.0.3",
        "contentHash": "wd+fGvZTrr3BJNe48opSczmC176Okd61ZgoZNQcdvZwkek6to978ccdpcFmNo5GHxCnk29KwT+f+lAZYgfLVZg==",
        "dependencies": {
          "SQLitePCLRaw.core": "3.0.3"
        }
      },
      "System.Numerics.Tensors": {
        "type": "Transitive",
        "resolved": "9.0.0",
        "contentHash": "hyJB4UlpAi19Xr9AXzu2NuagKC4lPfHObNMEAA0HmqFz2rX7wKgzeYzO/jM/eBHDhnUGFFEjk5cOoJaxqg5J4A=="
      },
      "trackdub.application": {
        "type": "Project",
        "dependencies": {
          "Microsoft.Extensions.DependencyInjection.Abstractions": "[10.0.11, )",
          "Microsoft.Extensions.Logging.Abstractions": "[10.0.11, )",
          "Trackdub.Contracts": "[1.0.0, )",
          "Trackdub.Domain": "[1.0.0, )",
          "Trackdub.Licensing": "[1.0.0, )"
        }
      },
      "trackdub.composition": {
        "type": "Project",
        "dependencies": {
          "Microsoft.Extensions.DependencyInjection": "[10.0.11, )",
          "Microsoft.Extensions.Http": "[10.0.11, )",
          "Trackdub.Application": "[1.0.0, )",
          "Trackdub.Inference": "[1.0.0, )",
          "Trackdub.Inference.Onnx": "[1.0.0, )",
          "Trackdub.Infrastructure": "[1.0.0, )",
          "Trackdub.Licensing": "[1.0.0, )",
          "Trackdub.Media": "[1.0.0, )",
          "Trackdub.Media.Playback": "[1.0.0, )"
        }
      },
      "trackdub.contracts": {
        "type": "Project",
        "dependencies": {
          "Trackdub.Domain": "[1.0.0, )"
        }
      },
      "trackdub.domain": {
        "type": "Project"
      },
      "trackdub.inference": {
        "type": "Project",
        "dependencies": {
          "Microsoft.Extensions.Logging.Abstractions": "[10.0.11, )",
          "Trackdub.Contracts": "[1.0.0, )",
          "Trackdub.Domain": "[1.0.0, )"
        }
      },
      "trackdub.inference.onnx": {
        "type": "Project",
        "dependencies": {
          "MathNet.Numerics": "[5.0.0, )",
          "Microsoft.ML.OnnxRuntime": "[1.29.0, )",
          "Microsoft.ML.OnnxRuntimeGenAI": "[0.15.2, )",
          "Microsoft.ML.Tokenizers": "[3.0.0-preview.26413.1, )",
          "Trackdub.Contracts": "[1.0.0, )",
          "Trackdub.Domain": "[1.0.0, )",
          "Trackdub.Inference": "[1.0.0, )"
        }
      },
      "trackdub.infrastructure": {
        "type": "Project",
        "dependencies": {
          "Dapper": "[2.1.79, )",
          "Lucene.Net.Analysis.Common": "[4.8.0-beta00018, )",
          "Lucene.Net.Analysis.Kuromoji": "[4.8.0-beta00018, )",
          "Lucene.Net.Analysis.SmartCn": "[4.8.0-beta00018, )",
          "Microsoft.Data.Sqlite": "[10.0.11, )",
          "SQLitePCLRaw.bundle_e_sqlite3": "[3.0.3, )",
          "Trackdub.Application": "[1.0.0, )",
          "Trackdub.Contracts": "[1.0.0, )",
          "Trackdub.Domain": "[1.0.0, )"
        }
      },
      "trackdub.licensing": {
        "type": "Project",
        "dependencies": {
          "Microsoft.Extensions.Logging.Abstractions": "[10.0.11, )"
        }
      },
      "trackdub.media": {
        "type": "Project",
        "dependencies": {
          "Microsoft.Extensions.Logging.Abstractions": "[10.0.11, )",
          "Trackdub.Application": "[1.0.0, )",
          "Trackdub.Contracts": "[1.0.0, )",
          "Trackdub.Domain": "[1.0.0, )"
        }
      },
      "trackdub.media.playback": {
        "type": "Project",
        "dependencies": {
          "LibVLCSharp": "[3.10.1, )",
          "Trackdub.Application": "[1.0.0, )",
          "Trackdub.Domain": "[1.0.0, )"
        }
      },
      "Dapper": {
        "type": "CentralTransitive",
        "requested": "[2.1.79, )",
        "resolved": "2.1.79",
        "contentHash": "8YijbzgTfmqmQOnVNorYM6K++pxqnW3nJ4aC1sRHzxUA2CcuoJ9gsTem3kgBnPRMc38zZHl4Esb6hAezXIEEuw=="
      },
      "LibVLCSharp": {
        "type": "CentralTransitive",
        "requested": "[3.10.1, )",
        "resolved": "3.10.1",
        "contentHash": "6iSrYMk6RU8fyftdXrfR1TW3xpR/WhEmliORuWvAu2N05wECb8k2hykWiU53/1zqx616v/qUlDbJJyqv78MDkQ=="
      },
      "Lucene.Net.Analysis.Common": {
        "type": "CentralTransitive",
        "requested": "[4.8.0-beta00018, )",
        "resolved": "4.8.0-beta00018",
        "contentHash": "35M1i4enb8rVeqXiKgDJzgqYDa5VtpgI2sK5gYg1Yd9kmpjPmaLHgN9/rGyHd67XWhT7fh0X8UuXu70PH58pcA==",
        "dependencies": {
          "Lucene.Net": "4.8.0-beta00018"
        }
      },
      "Lucene.Net.Analysis.Kuromoji": {
        "type": "CentralTransitive",
        "requested": "[4.8.0-beta00018, )",
        "resolved": "4.8.0-beta00018",
        "contentHash": "KVsT3Xctzhzq4CY70yvQkQanJVUDh0st7GHusJABdXCylMsQxy4EW/2Lip7lE7+6+sJPZ08pQ1Rip+XT8Jad8w==",
        "dependencies": {
          "J2N": "[2.1.0, 3.0.0)",
          "Lucene.Net": "4.8.0-beta00018",
          "Lucene.Net.Analysis.Common": "4.8.0-beta00018"
        }
      },
      "Lucene.Net.Analysis.SmartCn": {
        "type": "CentralTransitive",
        "requested": "[4.8.0-beta00018, )",
        "resolved": "4.8.0-beta00018",
        "contentHash": "p7uHok6oZ64oZwv0+jFmhqiE1i+/GkTeyyBYplRLPgII4GZygaSiLz7jLqKN6/QJDnaxaSQmZpb+VupXF7AAZg==",
        "dependencies": {
          "ICU4N": "[60.1.0-alpha.440, 60.1.0-alpha.450)",
          "J2N": "[2.1.0, 3.0.0)",
          "Lucene.Net": "4.8.0-beta00018",
          "Lucene.Net.Analysis.Common": "4.8.0-beta00018",
          "Lucene.Net.ICU": "4.8.0-beta00018"
        }
      },
      "MathNet.Numerics": {
        "type": "CentralTransitive",
        "requested": "[5.0.0, )",
        "resolved": "5.0.0",
        "contentHash": "pg1W2VwaEQMAiTpGK840hZgzavnqjlCMTVSbtVCXVyT+7AX4mc1o89SPv4TBlAjhgCOo9c1Y+jZ5m3ti2YgGgA=="
      },
      "Microsoft.Data.Sqlite": {
        "type": "CentralTransitive",
        "requested": "[10.0.11, )",
        "resolved": "10.0.11",
        "contentHash": "7je7UELzm131GiLYc4PpZvfKXIgIyzPM+v+tjcd/nbnuWRfgcONYKzDTqJlURxwVCFsVnlpmq6y6yn4qvR8QXQ==",
        "dependencies": {
          "Microsoft.Data.Sqlite.Core": "10.0.11",
          "SQLitePCLRaw.bundle_e_sqlite3": "2.1.12",
          "SQLitePCLRaw.core": "2.1.12"
        }
      },
      "Microsoft.Extensions.DependencyInjection.Abstractions": {
        "type": "CentralTransitive",
        "requested": "[10.0.11, )",
        "resolved": "10.0.11",
        "contentHash": "/a1aJz4m7ylhEDf25ugQChLQoN5XwoGjWw/BoR/ZWWKsO1v4DdJElS1uyngahz4B/eOzjFk1KNTkarRLE5wsIg=="
      },
      "Microsoft.Extensions.Http": {
        "type": "CentralTransitive",
        "requested": "[10.0.11, )",
        "resolved": "10.0.11",
        "contentHash": "ujx8RvcKzkxPFBguwgiygbwWVHVK0P7HFlNJ6I0JBRb28tzwe42jixBoA+dGmqG9IHepPVcm04vv2IDnU93ekA==",
        "dependencies": {
          "Microsoft.Extensions.Configuration.Abstractions": "10.0.11",
          "Microsoft.Extensions.DependencyInjection.Abstractions": "10.0.11",
          "Microsoft.Extensions.Diagnostics": "10.0.11",
          "Microsoft.Extensions.Logging": "10.0.11",
          "Microsoft.Extensions.Logging.Abstractions": "10.0.11",
          "Microsoft.Extensions.Options": "10.0.11"
        }
      },
      "Microsoft.Extensions.Logging.Abstractions": {
        "type": "CentralTransitive",
        "requested": "[10.0.11, )",
        "resolved": "10.0.11",
        "contentHash": "Ljd0Uxoq5XpScD2Bg0nM/r3mwx7Ao5Uq24eo2ARxbGvqJ7Zht6rt2cJtwVRH4Cv+1ZVMdXz6TB43KbpmsxRrvQ==",
        "dependencies": {
          "Microsoft.Extensions.DependencyInjection.Abstractions": "10.0.11"
        }
      },
      "Microsoft.Extensions.Options.ConfigurationExtensions": {
        "type": "CentralTransitive",
        "requested": "[10.0.0, )",
        "resolved": "10.0.11",
        "contentHash": "syEhXQ/sEaSBFaqzlp9gDGHX/nk6gkQkh1sIUpBO1mlBj3Phu1rmb4ML1uCiyPW9N6Kxfxv3y5FGObC+bV01Qw==",
        "dependencies": {
          "Microsoft.Extensions.Configuration.Abstractions": "10.0.11",
          "Microsoft.Extensions.Configuration.Binder": "10.0.11",
          "Microsoft.Extensions.DependencyInjection.Abstractions": "10.0.11",
          "Microsoft.Extensions.Options": "10.0.11",
          "Microsoft.Extensions.Primitives": "10.0.11"
        }
      },
      "Microsoft.ML.OnnxRuntime": {
        "type": "CentralTransitive",
        "requested": "[1.29.0, )",
        "resolved": "1.29.0",
        "contentHash": "bUO3Ryc42UVkDGByBIYU9/ogRURGHeMOEq96LMWnDBVMQGZpIahBhPRCeu+Qq6+EJh/dfxzFJBKZa0/+yMmpWQ==",
        "dependencies": {
          "Microsoft.ML.OnnxRuntime.Managed": "1.29.0"
        }
      },
      "Microsoft.ML.OnnxRuntimeGenAI": {
        "type": "CentralTransitive",
        "requested": "[0.15.2, )",
        "resolved": "0.15.2",
        "contentHash": "SEkwcC8aalhWTsCsWjdwCq1qW7DFGNrX9/xAxBULf90Sqwm6t/KSn1LHgzRHQcBDvIp9pbuaF7zZC8gxU5BOfQ==",
        "dependencies": {
          "Microsoft.ML.OnnxRuntime": "1.28.0",
          "Microsoft.ML.OnnxRuntimeGenAI.Managed": "0.15.2"
        }
      },
      "Microsoft.ML.OnnxRuntimeGenAI.Managed": {
        "type": "CentralTransitive",
        "requested": "[0.15.2, )",
        "resolved": "0.15.2",
        "contentHash": "qILyIlkcecRZb1S+CW76hcV8UxFussgbC7BrD89hP7M+ZiUPoT8NDFCmvxWEhUBWvYfKF2sflQDI0eCBFgjfFQ==",
        "dependencies": {
          "Microsoft.Extensions.AI.Abstractions": "9.8.0"
        }
      },
      "Microsoft.ML.Tokenizers": {
        "type": "CentralTransitive",
        "requested": "[3.0.0-preview.26413.1, )",
        "resolved": "3.0.0-preview.26413.1",
        "contentHash": "iSdixLoDRTo6QsLKgjAYewtIsy5k1Uu0Y6GzcwQxKBiSYPOZPKOazRbvNMrXszf+AZivabEEfqja3w4wbsXPEA=="
      },
      "SQLitePCLRaw.bundle_e_sqlite3": {
        "type": "CentralTransitive",
        "requested": "[3.0.3, )",
        "resolved": "3.0.3",
        "contentHash": "Zt8jmSL5zcDWGk8rmzhWBJ6IRyLWh1yWS04Pg72+GIvo3Ba4E/rG4Y/4l7AWlSEogEbzyKRTCXUAs1v/O7Pkkg==",
        "dependencies": {
          "SQLitePCLRaw.config.e_sqlite3": "3.0.3",
          "SourceGear.sqlite3": "3.50.4.5"
        }
      }
    },
    "net10.0-windows10.0.19041": {
      "Microsoft.Extensions.DependencyInjection": {
        "type": "Direct",
        "requested": "[10.0.11, )",
        "resolved": "10.0.11",
        "contentHash": "PSmotV19c7E3lKed++uYo1kSiXFI+uTl37CBSrhq+CfLC3FCHjG7R91+xPnNehQfHS1b0Tzo/CCLPWH3qaEheg==",
        "dependencies": {
          "Microsoft.Extensions.DependencyInjection.Abstractions": "10.0.11"
        }
      },
      "Microsoft.Extensions.FileSystemGlobbing": {
        "type": "Direct",
        "requested": "[10.0.0, )",
        "resolved": "10.0.0",
        "contentHash": "5hfVl/e+bx1px2UkN+1xXhd3hu7Ui6ENItBzckFaRDQXfr+SHT/7qrCDrlQekCF/PBtEu2vtk87U2+gDEF8EhQ=="
      },
      "ICU4N": {
        "type": "Transitive",
        "resolved": "60.1.0-alpha.440",
        "contentHash": "o69Tpp8L3Mke6EGuWparSbUg5sNYmeNDbzaJjGD203T05GTPLMuOPubAtYi2MMHnAyDvJlOoynpgs/dEX58CZw==",
        "dependencies": {
          "ICU4N.Resources": "[60.1.0-alpha.440]",
          "J2N": "[2.1.0, 3.0.0)",
          "Microsoft.Extensions.Caching.Memory": "6.0.2"
        }
      },
      "ICU4N.Resources": {
        "type": "Transitive",
        "resolved": "60.1.0-alpha.440",
        "contentHash": "imnVoq/5f+B8ouQPohMiZwit79wa2eDPm8cy0ctzxN1gHF0TmwhKbnqsyb8uHrPFOUihGwVVdiQOgyUJcVsh4A=="
      },
      "J2N": {
        "type": "Transitive",
        "resolved": "2.1.0",
        "contentHash": "Vooz1wbnnqWuS+u93tADXK5Owxo8vLJhSrZ9Ac+KpgDF3GJq9TybXXTF1TFcWILgEtRThc8AOBENEzB0TQH1JA=="
      },
      "Lucene.Net": {
        "type": "Transitive",
        "resolved": "4.8.0-beta00018",
        "contentHash": "iBkkpkDbAHjpZ0dnukFnWnjxSNmsRHOSxrYBBKbtcYJZ8PQRrKsqGGyNm8xmh4ORvsJ1WM7i5A9whiyA8WhNrQ==",
        "dependencies": {
          "J2N": "[2.1.0, 3.0.0)",
          "Microsoft.Extensions.Configuration.Abstractions": "8.0.0"
        }
      },
      "Lucene.Net.Highlighter": {
        "type": "Transitive",
        "resolved": "4.8.0-beta00018",
        "contentHash": "6Sddu/12UlwVHnjw9YLoP4G+8FkiNJG9J+fOfGDVSYFs1QvYfBYj7es4yf2XTsQdXn0WimB06v/adr0CcJl9CQ==",
        "dependencies": {
          "Lucene.Net.Memory": "4.8.0-beta00018",
          "Lucene.Net.Queries": "4.8.0-beta00018"
        }
      },
      "Lucene.Net.ICU": {
        "type": "Transitive",
        "resolved": "4.8.0-beta00018",
        "contentHash": "SYDKWOGGuUoLztDums6gKWvHuuk69gYDZ3CaiIxpso5Wuwhax0zc9tSOhbVie9oekVsQQg3lpxOa0CveK5Niaw==",
        "dependencies": {
          "ICU4N": "[60.1.0-alpha.440, 60.1.0-alpha.450)",
          "Lucene.Net": "4.8.0-beta00018",
          "Lucene.Net.Analysis.Common": "4.8.0-beta00018",
          "Lucene.Net.Highlighter": "4.8.0-beta00018"
        }
      },
      "Lucene.Net.Memory": {
        "type": "Transitive",
        "resolved": "4.8.0-beta00018",
        "contentHash": "FDdqAkKC33y/YTkx4uH5oci3OkNOdyyX0MWI/agSFn+7WlMxlj6CvH3tX+5fpi8Hf7EBqWjdP9hr26u4Kb4UNA==",
        "dependencies": {
          "Lucene.Net": "4.8.0-beta00018"
        }
      },
      "Lucene.Net.Queries": {
        "type": "Transitive",
        "resolved": "4.8.0-beta00018",
        "contentHash": "cS+Ea3m4ZcCId9MgYfgAs6UNiYfxykpNIZlf7nRPH/7zOa+TePX5ATM+0FLQu54bAkgWVAwV1T269PD0oQsToQ==",
        "dependencies": {
          "Lucene.Net": "4.8.0-beta00018"
        }
      },
      "Microsoft.Data.Sqlite.Core": {
        "type": "Transitive",
        "resolved": "10.0.11",
        "contentHash": "hubA20AGenQ4Sx0ElWaPpB8DISjXpdx463+1zOGRslsT0e/t/06ITv+pHsop8CcJ0d8PZLfgnT7juCDVD79Dkw==",
        "dependencies": {
          "SQLitePCLRaw.core": "2.1.12"
        }
      },
      "Microsoft.Extensions.AI.Abstractions": {
        "type": "Transitive",
        "resolved": "9.8.0",
        "contentHash": "0++t+lPqX5amr7Kgh+ZFm1C5hhzMmFc5Dhoc6siNZ4sPXxy0pLTFRk+4vHn0hZf7Xe8Y9OoqL2cL4oTdjt8STQ=="
      },
      "Microsoft.Extensions.Caching.Abstractions": {
        "type": "Transitive",
        "resolved": "6.0.0",
        "contentHash": "bcz5sSFJbganH0+YrfvIjJDIcKNW7TL07C4d1eTmXy/wOt52iz4LVogJb6pazs7W0+74j0YpXFErvp++Aq5Bsw==",
        "dependencies": {
          "Microsoft.Extensions.Primitives": "6.0.0"
        }
      },
      "Microsoft.Extensions.Caching.Memory": {
        "type": "Transitive",
        "resolved": "6.0.2",
        "contentHash": "ANjkN9TiBZXm5cvj3bb3QbezBzqkupCzxwgNf46d4V4ToRBHcEp3IEgbc67M3ZqVHQxaJgEncZ/frdqznpVWIw==",
        "dependencies": {
          "Microsoft.Extensions.Caching.Abstractions": "6.0.0",
          "Microsoft.Extensions.DependencyInjection.Abstractions": "6.0.0",
          "Microsoft.Extensions.Logging.Abstractions": "6.0.4",
          "Microsoft.Extensions.Options": "6.0.0",
          "Microsoft.Extensions.Primitives": "6.0.0"
        }
      },
      "Microsoft.Extensions.Configuration": {
        "type": "Transitive",
        "resolved": "10.0.11",
        "contentHash": "wlhRqZW8LcJPa+vk2oLAc/REXDItHtkFQdf/QcXYGZbZOO13izcsKY1pCvuFQYwUiZD+hwSZwsKASjqT+BNaVg==",
        "dependencies": {
          "Microsoft.Extensions.Configuration.Abstractions": "10.0.11",
          "Microsoft.Extensions.Primitives": "10.0.11"
        }
      },
      "Microsoft.Extensions.Configuration.Abstractions": {
        "type": "Transitive",
        "resolved": "10.0.11",
        "contentHash": "fVi053xdpda9Em7vSkmgVxO/PtgC2m78ekReKWsgcyskqY0U82Bz/MONwxpGzI0hElYKJfw+fupqMVeKW3fSaA==",
        "dependencies": {
          "Microsoft.Extensions.Primitives": "10.0.11"
        }
      },
      "Microsoft.Extensions.Configuration.Binder": {
        "type": "Transitive",
        "resolved": "10.0.11",
        "contentHash": "rFn8RuszZn3qquPVkDytMUlPc2+rXl9MCoygwc1XmAgC5vg5/oXJ8hkOosOrLoBLsqdTy4lFwP6iQdPS9uSYOA==",
        "dependencies": {
          "Microsoft.Extensions.Configuration": "10.0.11",
          "Microsoft.Extensions.Configuration.Abstractions": "10.0.11"
        }
      },
      "Microsoft.Extensions.Diagnostics": {
        "type": "Transitive",
        "resolved": "10.0.11",
        "contentHash": "HT70uGPxMLqqnOzKMcnQtDmeV4r0KHr4qVCLhP7SXil9jMEm8sQXwcybxVVFGXZJ1V44xV0mLqQ54aZbcR2OiQ==",
        "dependencies": {
          "Microsoft.Extensions.Configuration": "10.0.11",
          "Microsoft.Extensions.Diagnostics.Abstractions": "10.0.11",
          "Microsoft.Extensions.Options.ConfigurationExtensions": "10.0.11"
        }
      },
      "Microsoft.Extensions.Diagnostics.Abstractions": {
        "type": "Transitive",
        "resolved": "10.0.11",
        "contentHash": "se7Kx8QpJEt+nf26L4qIVAofGTDr1wbexxsh/Fm3Xc04xUkqUXK06KUS7FLwSQYSjqb7q9n+T7MEcXYBhI1Y5g==",
        "dependencies": {
          "Microsoft.Extensions.DependencyInjection.Abstractions": "10.0.11",
          "Microsoft.Extensions.Options": "10.0.11"
        }
      },
      "Microsoft.Extensions.Logging": {
        "type": "Transitive",
        "resolved": "10.0.11",
        "contentHash": "nUOJwgFkSiLHiVGFpU22pIJtuWYewuSYQ3JVuP/gdK8ASMT807Px+TYQiRWs6uSsOmoyFTaVCwKXTasczV6BpA==",
        "dependencies": {
          "Microsoft.Extensions.DependencyInjection": "10.0.11",
          "Microsoft.Extensions.Logging.Abstractions": "10.0.11",
          "Microsoft.Extensions.Options": "10.0.11"
        }
      },
      "Microsoft.Extensions.Options": {
        "type": "Transitive",
        "resolved": "10.0.11",
        "contentHash": "eY1GAKcTfD2maP27J84X9IovT3yjHJ2dVDzPmDg6/XqYvt3jMzJhtfQCLjG9pVsZGAd+8DQ2QrjaDcs2+VQLGw==",
        "dependencies": {
          "Microsoft.Extensions.DependencyInjection.Abstractions": "10.0.11",
          "Microsoft.Extensions.Primitives": "10.0.11"
        }
      },
      "Microsoft.Extensions.Primitives": {
        "type": "Transitive",
        "resolved": "10.0.11",
        "contentHash": "SXcz+kF+4Oo9b1+55zntpJFYfwb1jw66ioxptyNOOTDc8g2FHnBFWjZpsWfCvZIhzr0x+4e2trVTs4OKwQfBtw=="
      },
      "Microsoft.ML.OnnxRuntime.Gpu.Linux": {
        "type": "Transitive",
        "resolved": "1.29.0",
        "contentHash": "D4i3HQ9euhXjAQqweUzcET2yFZv7f5Vh/nNLAAcM7Z1qLULeyAWOJuX82QCACZ9jogaj2d2AR29KFzbteYv5mQ==",
        "dependencies": {
          "Microsoft.ML.OnnxRuntime.Managed": "1.29.0"
        }
      },
      "Microsoft.ML.OnnxRuntime.Gpu.Windows": {
        "type": "Transitive",
        "resolved": "1.29.0",
        "contentHash": "ZdF1BDQcdfR3znD/VylKcGw1BxIapYIq1kTmzvyZtLCw2wNBPjeTIzrxH5uOoR6iJE1zCJzKyw/ETMLqQXqcFw==",
        "dependencies": {
          "Microsoft.ML.OnnxRuntime.Managed": "1.29.0"
        }
      },
      "Microsoft.ML.OnnxRuntime.Managed": {
        "type": "Transitive",
        "resolved": "1.29.0",
        "contentHash": "jLy5PtzvRQCBFOczzfRY7zpuMVUyLwjO0Jsdd8MBZdmnPIqx5vW9cYDNyCqkrYpwkof8GlqBVaEUMWrMWRtvuw==",
        "dependencies": {
          "System.Numerics.Tensors": "9.0.0"
        }
      },
      "Microsoft.Windows.SDK.BuildTools": {
        "type": "Transitive",
        "resolved": "10.0.26100.4654",
        "contentHash": "2mgcOlj/t2RfSyyw+pVESfO+Tk1RkfQzto9Vrq42M1lUQIfQEwbi8QLha9GXWIOj+TFzeHIEJckIoF25mgiM8A=="
      },
      "Microsoft.Windows.SDK.BuildTools.MSIX": {
        "type": "Transitive",
        "resolved": "1.7.20250829.1",
        "contentHash": "IMdvRmCIZnBS5GkYnv0po1bcx6U1OF39pqA4TphQ9evDzpCRoSE19/PkDvlUNNrBavTsLIEJgd/TAIFner75ow=="
      },
      "Microsoft.WindowsAppSDK.Base": {
        "type": "Transitive",
        "resolved": "1.8.250831001",
        "contentHash": "8LlfXBS2Hpw+OoVXViJmIOPXl0nMbqMaFR3j6+QHFNc62VULwPEcXiMRcP2WbV/+mtC7W2LH6yx6uu/Hrr9lVw==",
        "dependencies": {
          "Microsoft.Windows.SDK.BuildTools": "10.0.26100.4654",
          "Microsoft.Windows.SDK.BuildTools.MSIX": "1.7.20250829.1"
        }
      },
      "Microsoft.WindowsAppSDK.Foundation": {
        "type": "Transitive",
        "resolved": "1.8.251104000",
        "contentHash": "vvL3zpC8klGcaxUA7RbMuUMVAABD7jEMFhNKGAewOvey18i64mslbU0aIQM3+Bu4tQKsaGXSWYrJFsAU/Op4OA==",
        "dependencies": {
          "Microsoft.WindowsAppSDK.Base": "1.8.250831001",
          "Microsoft.WindowsAppSDK.InteractiveExperiences": "1.8.251104001"
        }
      },
      "Microsoft.WindowsAppSDK.InteractiveExperiences": {
        "type": "Transitive",
        "resolved": "1.8.251104001",
        "contentHash": "t4Vs1eMJqUpa5CbZ5SvO4j5VdyhNwtarNfYJAWar8dHejpNol3g+/t0l0ovKye+DKQpinWdGkuQSUX8Oc8M3ug==",
        "dependencies": {
          "Microsoft.WindowsAppSDK.Base": "1.8.250831001"
        }
      },
      "SourceGear.sqlite3": {
        "type": "Transitive",
        "resolved": "3.50.4.5",
        "contentHash": "UtnipXhJYZKQOQIfpws/msLK7IRhMplE1CZCaZLIQXRnGD474QVpO/J9nMlQQY8NZueGz1aidjoxDRnrC1NT3Q=="
      },
      "SQLitePCLRaw.config.e_sqlite3": {
        "type": "Transitive",
        "resolved": "3.0.3",
        "contentHash": "caP/ap0X2fyVmstCXu5ueOmcr2XWAxA2XyKghV7H4bOAFmq3nWcsGl9q44iY1HYG+i8Qr4G9XEqdfti0rV6/ZQ==",
        "dependencies": {
          "SQLitePCLRaw.provider.e_sqlite3": "3.0.3"
        }
      },
      "SQLitePCLRaw.core": {
        "type": "Transitive",
        "resolved": "3.0.3",
        "contentHash": "bjm6FY4lZyP+t7GmiuvSM0QXpFihAvyE0Y9O2yibm3g95AAWJPNnHOKVNJGyPTGIKuK7Pr4Wh8Rd8/aOtAclQw=="
      },
      "SQLitePCLRaw.provider.e_sqlite3": {
        "type": "Transitive",
        "resolved": "3.0.3",
        "contentHash": "wd+fGvZTrr3BJNe48opSczmC176Okd61ZgoZNQcdvZwkek6to978ccdpcFmNo5GHxCnk29KwT+f+lAZYgfLVZg==",
        "dependencies": {
          "SQLitePCLRaw.core": "3.0.3"
        }
      },
      "System.Numerics.Tensors": {
        "type": "Transitive",
        "resolved": "9.0.0",
        "contentHash": "hyJB4UlpAi19Xr9AXzu2NuagKC4lPfHObNMEAA0HmqFz2rX7wKgzeYzO/jM/eBHDhnUGFFEjk5cOoJaxqg5J4A=="
      },
      "trackdub.application": {
        "type": "Project",
        "dependencies": {
          "Microsoft.Extensions.DependencyInjection.Abstractions": "[10.0.11, )",
          "Microsoft.Extensions.Logging.Abstractions": "[10.0.11, )",
          "Trackdub.Contracts": "[1.0.0, )",
          "Trackdub.Domain": "[1.0.0, )",
          "Trackdub.Licensing": "[1.0.0, )"
        }
      },
      "trackdub.composition": {
        "type": "Project",
        "dependencies": {
          "Microsoft.Extensions.DependencyInjection": "[10.0.11, )",
          "Microsoft.Extensions.Http": "[10.0.11, )",
          "Microsoft.ML.OnnxRuntimeGenAI": "[0.15.2, )",
          "Trackdub.Application": "[1.0.0, )",
          "Trackdub.Inference": "[1.0.0, )",
          "Trackdub.Inference.Onnx": "[1.0.0, )",
          "Trackdub.Infrastructure": "[1.0.0, )",
          "Trackdub.Licensing": "[1.0.0, )",
          "Trackdub.Media": "[1.0.0, )",
          "Trackdub.Media.Playback": "[1.0.0, )"
        }
      },
      "trackdub.contracts": {
        "type": "Project",
        "dependencies": {
          "Trackdub.Domain": "[1.0.0, )"
        }
      },
      "trackdub.domain": {
        "type": "Project"
      },
      "trackdub.inference": {
        "type": "Project",
        "dependencies": {
          "Microsoft.Extensions.Logging.Abstractions": "[10.0.11, )",
          "Trackdub.Contracts": "[1.0.0, )",
          "Trackdub.Domain": "[1.0.0, )"
        }
      },
      "trackdub.inference.onnx": {
        "type": "Project",
        "dependencies": {
          "MathNet.Numerics": "[5.0.0, )",
          "Microsoft.ML.OnnxRuntime.Gpu": "[1.29.0, )",
          "Microsoft.ML.OnnxRuntimeGenAI": "[0.15.2, )",
          "Microsoft.ML.Tokenizers": "[3.0.0-preview.26413.1, )",
          "Microsoft.WindowsAppSDK.ML": "[1.8.2109, )",
          "Microsoft.WindowsAppSDK.Runtime": "[1.8.251106002, )",
          "Trackdub.Contracts": "[1.0.0, )",
          "Trackdub.Domain": "[1.0.0, )",
          "Trackdub.Inference": "[1.0.0, )"
        }
      },
      "trackdub.infrastructure": {
        "type": "Project",
        "dependencies": {
          "Dapper": "[2.1.79, )",
          "Lucene.Net.Analysis.Common": "[4.8.0-beta00018, )",
          "Lucene.Net.Analysis.Kuromoji": "[4.8.0-beta00018, )",
          "Lucene.Net.Analysis.SmartCn": "[4.8.0-beta00018, )",
          "Microsoft.Data.Sqlite": "[10.0.11, )",
          "SQLitePCLRaw.bundle_e_sqlite3": "[3.0.3, )",
          "Trackdub.Application": "[1.0.0, )",
          "Trackdub.Contracts": "[1.0.0, )",
          "Trackdub.Domain": "[1.0.0, )"
        }
      },
      "trackdub.licensing": {
        "type": "Project",
        "dependencies": {
          "Microsoft.Extensions.Logging.Abstractions": "[10.0.11, )"
        }
      },
      "trackdub.media": {
        "type": "Project",
        "dependencies": {
          "Microsoft.Extensions.Logging.Abstractions": "[10.0.11, )",
          "Trackdub.Application": "[1.0.0, )",
          "Trackdub.Contracts": "[1.0.0, )",
          "Trackdub.Domain": "[1.0.0, )"
        }
      },
      "trackdub.media.playback": {
        "type": "Project",
        "dependencies": {
          "LibVLCSharp": "[3.10.1, )",
          "Trackdub.Application": "[1.0.0, )",
          "Trackdub.Domain": "[1.0.0, )"
        }
      },
      "Dapper": {
        "type": "CentralTransitive",
        "requested": "[2.1.79, )",
        "resolved": "2.1.79",
        "contentHash": "8YijbzgTfmqmQOnVNorYM6K++pxqnW3nJ4aC1sRHzxUA2CcuoJ9gsTem3kgBnPRMc38zZHl4Esb6hAezXIEEuw=="
      },
      "LibVLCSharp": {
        "type": "CentralTransitive",
        "requested": "[3.10.1, )",
        "resolved": "3.10.1",
        "contentHash": "6iSrYMk6RU8fyftdXrfR1TW3xpR/WhEmliORuWvAu2N05wECb8k2hykWiU53/1zqx616v/qUlDbJJyqv78MDkQ=="
      },
      "Lucene.Net.Analysis.Common": {
        "type": "CentralTransitive",
        "requested": "[4.8.0-beta00018, )",
        "resolved": "4.8.0-beta00018",
        "contentHash": "35M1i4enb8rVeqXiKgDJzgqYDa5VtpgI2sK5gYg1Yd9kmpjPmaLHgN9/rGyHd67XWhT7fh0X8UuXu70PH58pcA==",
        "dependencies": {
          "Lucene.Net": "4.8.0-beta00018"
        }
      },
      "Lucene.Net.Analysis.Kuromoji": {
        "type": "CentralTransitive",
        "requested": "[4.8.0-beta00018, )",
        "resolved": "4.8.0-beta00018",
        "contentHash": "KVsT3Xctzhzq4CY70yvQkQanJVUDh0st7GHusJABdXCylMsQxy4EW/2Lip7lE7+6+sJPZ08pQ1Rip+XT8Jad8w==",
        "dependencies": {
          "J2N": "[2.1.0, 3.0.0)",
          "Lucene.Net": "4.8.0-beta00018",
          "Lucene.Net.Analysis.Common": "4.8.0-beta00018"
        }
      },
      "Lucene.Net.Analysis.SmartCn": {
        "type": "CentralTransitive",
        "requested": "[4.8.0-beta00018, )",
        "resolved": "4.8.0-beta00018",
        "contentHash": "p7uHok6oZ64oZwv0+jFmhqiE1i+/GkTeyyBYplRLPgII4GZygaSiLz7jLqKN6/QJDnaxaSQmZpb+VupXF7AAZg==",
        "dependencies": {
          "ICU4N": "[60.1.0-alpha.440, 60.1.0-alpha.450)",
          "J2N": "[2.1.0, 3.0.0)",
          "Lucene.Net": "4.8.0-beta00018",
          "Lucene.Net.Analysis.Common": "4.8.0-beta00018",
          "Lucene.Net.ICU": "4.8.0-beta00018"
        }
      },
      "MathNet.Numerics": {
        "type": "CentralTransitive",
        "requested": "[5.0.0, )",
        "resolved": "5.0.0",
        "contentHash": "pg1W2VwaEQMAiTpGK840hZgzavnqjlCMTVSbtVCXVyT+7AX4mc1o89SPv4TBlAjhgCOo9c1Y+jZ5m3ti2YgGgA=="
      },
      "Microsoft.Data.Sqlite": {
        "type": "CentralTransitive",
        "requested": "[10.0.11, )",
        "resolved": "10.0.11",
        "contentHash": "7je7UELzm131GiLYc4PpZvfKXIgIyzPM+v+tjcd/nbnuWRfgcONYKzDTqJlURxwVCFsVnlpmq6y6yn4qvR8QXQ==",
        "dependencies": {
          "Microsoft.Data.Sqlite.Core": "10.0.11",
          "SQLitePCLRaw.bundle_e_sqlite3": "2.1.12",
          "SQLitePCLRaw.core": "2.1.12"
        }
      },
      "Microsoft.Extensions.DependencyInjection.Abstractions": {
        "type": "CentralTransitive",
        "requested": "[10.0.11, )",
        "resolved": "10.0.11",
        "contentHash": "/a1aJz4m7ylhEDf25ugQChLQoN5XwoGjWw/BoR/ZWWKsO1v4DdJElS1uyngahz4B/eOzjFk1KNTkarRLE5wsIg=="
      },
      "Microsoft.Extensions.Http": {
        "type": "CentralTransitive",
        "requested": "[10.0.11, )",
        "resolved": "10.0.11",
        "contentHash": "ujx8RvcKzkxPFBguwgiygbwWVHVK0P7HFlNJ6I0JBRb28tzwe42jixBoA+dGmqG9IHepPVcm04vv2IDnU93ekA==",
        "dependencies": {
          "Microsoft.Extensions.Configuration.Abstractions": "10.0.11",
          "Microsoft.Extensions.DependencyInjection.Abstractions": "10.0.11",
          "Microsoft.Extensions.Diagnostics": "10.0.11",
          "Microsoft.Extensions.Logging": "10.0.11",
          "Microsoft.Extensions.Logging.Abstractions": "10.0.11",
          "Microsoft.Extensions.Options": "10.0.11"
        }
      },
      "Microsoft.Extensions.Logging.Abstractions": {
        "type": "CentralTransitive",
        "requested": "[10.0.11, )",
        "resolved": "10.0.11",
        "contentHash": "Ljd0Uxoq5XpScD2Bg0nM/r3mwx7Ao5Uq24eo2ARxbGvqJ7Zht6rt2cJtwVRH4Cv+1ZVMdXz6TB43KbpmsxRrvQ==",
        "dependencies": {
          "Microsoft.Extensions.DependencyInjection.Abstractions": "10.0.11"
        }
      },
      "Microsoft.Extensions.Options.ConfigurationExtensions": {
        "type": "CentralTransitive",
        "requested": "[10.0.0, )",
        "resolved": "10.0.11",
        "contentHash": "syEhXQ/sEaSBFaqzlp9gDGHX/nk6gkQkh1sIUpBO1mlBj3Phu1rmb4ML1uCiyPW9N6Kxfxv3y5FGObC+bV01Qw==",
        "dependencies": {
          "Microsoft.Extensions.Configuration.Abstractions": "10.0.11",
          "Microsoft.Extensions.Configuration.Binder": "10.0.11",
          "Microsoft.Extensions.DependencyInjection.Abstractions": "10.0.11",
          "Microsoft.Extensions.Options": "10.0.11",
          "Microsoft.Extensions.Primitives": "10.0.11"
        }
      },
      "Microsoft.ML.OnnxRuntime": {
        "type": "CentralTransitive",
        "requested": "[1.29.0, )",
        "resolved": "1.28.0",
        "contentHash": "xpguSCrXBe5E1l1088S7UqnI36EHaTL6CJMHEhwfGBoSwyPH5Q/IkbkBBk/GwXWzsVyEXpQm42ZimSAQs0/zKA==",
        "dependencies": {
          "Microsoft.ML.OnnxRuntime.Managed": "1.28.0"
        }
      },
      "Microsoft.ML.OnnxRuntime.Gpu": {
        "type": "CentralTransitive",
        "requested": "[1.29.0, )",
        "resolved": "1.29.0",
        "contentHash": "1oDKX7yWbXDMhQDUQp2RfDl9deS+TmASY5MLShXF4JvXc3RcEywkyMN2y3TJyYIuxtd6uXnI52RcRaCS7piG9g==",
        "dependencies": {
          "Microsoft.ML.OnnxRuntime.Gpu.Linux": "1.29.0",
          "Microsoft.ML.OnnxRuntime.Gpu.Windows": "1.29.0",
          "Microsoft.ML.OnnxRuntime.Managed": "1.29.0"
        }
      },
      "Microsoft.ML.OnnxRuntimeGenAI": {
        "type": "CentralTransitive",
        "requested": "[0.15.2, )",
        "resolved": "0.15.2",
        "contentHash": "SEkwcC8aalhWTsCsWjdwCq1qW7DFGNrX9/xAxBULf90Sqwm6t/KSn1LHgzRHQcBDvIp9pbuaF7zZC8gxU5BOfQ==",
        "dependencies": {
          "Microsoft.ML.OnnxRuntime": "1.28.0",
          "Microsoft.ML.OnnxRuntimeGenAI.Managed": "0.15.2"
        }
      },
      "Microsoft.ML.OnnxRuntimeGenAI.Managed": {
        "type": "CentralTransitive",
        "requested": "[0.15.2, )",
        "resolved": "0.15.2",
        "contentHash": "qILyIlkcecRZb1S+CW76hcV8UxFussgbC7BrD89hP7M+ZiUPoT8NDFCmvxWEhUBWvYfKF2sflQDI0eCBFgjfFQ==",
        "dependencies": {
          "Microsoft.Extensions.AI.Abstractions": "9.8.0"
        }
      },
      "Microsoft.ML.Tokenizers": {
        "type": "CentralTransitive",
        "requested": "[3.0.0-preview.26413.1, )",
        "resolved": "3.0.0-preview.26413.1",
        "contentHash": "iSdixLoDRTo6QsLKgjAYewtIsy5k1Uu0Y6GzcwQxKBiSYPOZPKOazRbvNMrXszf+AZivabEEfqja3w4wbsXPEA=="
      },
      "Microsoft.WindowsAppSDK.ML": {
        "type": "CentralTransitive",
        "requested": "[1.8.2109, )",
        "resolved": "1.8.2109",
        "contentHash": "gfsSXBJrlsfnl1IID3AEasUvZXFFZk6n4iD2JP5BfheySaoWr/1JJVbqKYyRr7APe2kRzyztVW3eaj7KMfgR5A==",
        "dependencies": {
          "Microsoft.WindowsAppSDK.Base": "1.8.250831001",
          "Microsoft.WindowsAppSDK.Foundation": "1.8.251104000",
          "System.Numerics.Tensors": "9.0.0"
        }
      },
      "Microsoft.WindowsAppSDK.Runtime": {
        "type": "CentralTransitive",
        "requested": "[1.8.251106002, )",
        "resolved": "1.8.251106002",
        "contentHash": "5piaqsoXOTFXdtiGoqLhVPkG0HE3UD0g/S4D2i7I8MPO48eoaESJ4y/oUHzZFmSaqLQROWe8NJ9rXXNxxiL/gw==",
        "dependencies": {
          "Microsoft.WindowsAppSDK.Base": "1.8.250831001"
        }
      },
      "SQLitePCLRaw.bundle_e_sqlite3": {
        "type": "CentralTransitive",
        "requested": "[3.0.3, )",
        "resolved": "3.0.3",
        "contentHash": "Zt8jmSL5zcDWGk8rmzhWBJ6IRyLWh1yWS04Pg72+GIvo3Ba4E/rG4Y/4l7AWlSEogEbzyKRTCXUAs1v/O7Pkkg==",
        "dependencies": {
          "SQLitePCLRaw.config.e_sqlite3": "3.0.3",
          "SourceGear.sqlite3": "3.50.4.5"
        }
      }
    }
  }
}