{
  "version": 2,
  "dependencies": {
    "net10.0": {
      "ICU4N": {
        "type": "Transitive",
        "resolved": "60.1.0-alpha.440",
        "contentHash": "o69Tpp8L3Mke6EGuWparSbUg5sNYmeNDbzaJjGD203T05GTPLMuOPubAtYi2MMHnAyDvJlOoynpgs/dEX58CZw==",
        "dependencies": {
          "ICU4N.Resources": "[60.1.0-alpha.440]",
          "J2N": "[2.1.0, 3.0.0)",
          "Microsoft.Extensions.Caching.Memory": "6.0.2"
        }
      },
      "ICU4N.Resources": {
        "type": "Transitive",
        "resolved": "60.1.0-alpha.440",
        "contentHash": "imnVoq/5f+B8ouQPohMiZwit79wa2eDPm8cy0ctzxN1gHF0TmwhKbnqsyb8uHrPFOUihGwVVdiQOgyUJcVsh4A=="
      },
      "J2N": {
        "type": "Transitive",
        "resolved": "2.1.0",
        "contentHash": "Vooz1wbnnqWuS+u93tADXK5Owxo8vLJhSrZ9Ac+KpgDF3GJq9TybXXTF1TFcWILgEtRThc8AOBENEzB0TQH1JA=="
      },
      "Lucene.Net": {
        "type": "Transitive",
        "resolved": "4.8.0-beta00018",
        "contentHash": "iBkkpkDbAHjpZ0dnukFnWnjxSNmsRHOSxrYBBKbtcYJZ8PQRrKsqGGyNm8xmh4ORvsJ1WM7i5A9whiyA8WhNrQ==",
        "dependencies": {
          "J2N": "[2.1.0, 3.0.0)",
          "Microsoft.Extensions.Configuration.Abstractions": "8.0.0"
        }
      },
      "Lucene.Net.Highlighter": {
        "type": "Transitive",
        "resolved": "4.8.0-beta00018",
        "contentHash": "6Sddu/12UlwVHnjw9YLoP4G+8FkiNJG9J+fOfGDVSYFs1QvYfBYj7es4yf2XTsQdXn0WimB06v/adr0CcJl9CQ==",
        "dependencies": {
          "Lucene.Net.Memory": "4.8.0-beta00018",
          "Lucene.Net.Queries": "4.8.0-beta00018"
        }
      },
      "Lucene.Net.ICU": {
        "type": "Transitive",
        "resolved": "4.8.0-beta00018",
        "contentHash": "SYDKWOGGuUoLztDums6gKWvHuuk69gYDZ3CaiIxpso5Wuwhax0zc9tSOhbVie9oekVsQQg3lpxOa0CveK5Niaw==",
        "dependencies": {
          "ICU4N": "[60.1.0-alpha.440, 60.1.0-alpha.450)",
          "Lucene.Net": "4.8.0-beta00018",
          "Lucene.Net.Analysis.Common": "4.8.0-beta00018",
          "Lucene.Net.Highlighter": "4.8.0-beta00018"
        }
      },
      "Lucene.Net.Memory": {
        "type": "Transitive",
        "resolved": "4.8.0-beta00018",
        "contentHash": "FDdqAkKC33y/YTkx4uH5oci3OkNOdyyX0MWI/agSFn+7WlMxlj6CvH3tX+5fpi8Hf7EBqWjdP9hr26u4Kb4UNA==",
        "dependencies": {
          "Lucene.Net": "4.8.0-beta00018"
        }
      },
      "Lucene.Net.Queries": {
        "type": "Transitive",
        "resolved": "4.8.0-beta00018",
        "contentHash": "cS+Ea3m4ZcCId9MgYfgAs6UNiYfxykpNIZlf7nRPH/7zOa+TePX5ATM+0FLQu54bAkgWVAwV1T269PD0oQsToQ==",
        "dependencies": {
          "Lucene.Net": "4.8.0-beta00018"
        }
      },
      "Microsoft.Data.Sqlite.Core": {
        "type": "Transitive",
        "resolved": "10.0.10",
        "contentHash": "TPCs0ldm7AWqcKmp6f/Xr+14sat7hx4rHfRlS4RgCURBH2thEWbAKEyX7cCWr63zVJVOJIJZTg2cBiUXa8ys6g==",
        "dependencies": {
          "SQLitePCLRaw.core": "2.1.11"
        }
      },
      "Microsoft.Extensions.Caching.Abstractions": {
        "type": "Transitive",
        "resolved": "6.0.0",
        "contentHash": "bcz5sSFJbganH0+YrfvIjJDIcKNW7TL07C4d1eTmXy/wOt52iz4LVogJb6pazs7W0+74j0YpXFErvp++Aq5Bsw==",
        "dependencies": {
          "Microsoft.Extensions.Primitives": "6.0.0"
        }
      },
      "Microsoft.Extensions.Caching.Memory": {
        "type": "Transitive",
        "resolved": "6.0.2",
        "contentHash": "ANjkN9TiBZXm5cvj3bb3QbezBzqkupCzxwgNf46d4V4ToRBHcEp3IEgbc67M3ZqVHQxaJgEncZ/frdqznpVWIw==",
        "dependencies": {
          "Microsoft.Extensions.Caching.Abstractions": "6.0.0",
          "Microsoft.Extensions.DependencyInjection.Abstractions": "6.0.0",
          "Microsoft.Extensions.Logging.Abstractions": "6.0.4",
          "Microsoft.Extensions.Options": "6.0.0",
          "Microsoft.Extensions.Primitives": "6.0.0"
        }
      },
      "Microsoft.Extensions.Configuration.Abstractions": {
        "type": "Transitive",
        "resolved": "8.0.0",
        "contentHash": "3lE/iLSutpgX1CC0NOW70FJoGARRHbyKmG7dc0klnUZ9Dd9hS6N/POPWhKhMLCEuNN5nXEY5agmlFtH562vqhQ==",
        "dependencies": {
          "Microsoft.Extensions.Primitives": "8.0.0"
        }
      },
      "Microsoft.Extensions.Options": {
        "type": "Transitive",
        "resolved": "6.0.0",
        "contentHash": "dzXN0+V1AyjOe2xcJ86Qbo233KHuLEY0njf/P2Kw8SfJU+d45HNS2ctJdnEnrWbM9Ye2eFgaC5Mj9otRMU6IsQ==",
        "dependencies": {
          "Microsoft.Extensions.DependencyInjection.Abstractions": "6.0.0",
          "Microsoft.Extensions.Primitives": "6.0.0"
        }
      },
      "Microsoft.Extensions.Primitives": {
        "type": "Transitive",
        "resolved": "8.0.0",
        "contentHash": "bXJEZrW9ny8vjMF1JV253WeLhpEVzFo1lyaZu1vQ4ZxWUlVvknZ/+ftFgVheLubb4eZPSwwxBeqS1JkCOjxd8g=="
      },
      "SQLite": {
        "type": "Transitive",
        "resolved": "3.53.4",
        "contentHash": "KN7jeWqgUPeBRe1FlcpZURzxomuKKEKHmBBQfg+Nx7NkY1LjKhzHvH+3ASkNvhayESE34nMBinL9CV21JfPRJw=="
      },
      "SQLitePCLRaw.config.e_sqlite3": {
        "type": "Transitive",
        "resolved": "3.0.5",
        "contentHash": "aSk8WE5tF2MybESMgtZAEyMVCAWA0nBqOMc48HFoa9UoSdtm3goDXVzNRnefeKIwE6bV9NaNXptn1F9ReMQI0Q==",
        "dependencies": {
          "SQLitePCLRaw.provider.e_sqlite3": "3.0.5"
        }
      },
      "SQLitePCLRaw.core": {
        "type": "Transitive",
        "resolved": "3.0.5",
        "contentHash": "k81AYXXRCw3Zj8rOhyBoCsx/U97KYDFI2CSKr/ijl5BwpsW/hX/4kBiDmerFaoust8nxBwa0IHQFw8MmSHRtnQ=="
      },
      "SQLitePCLRaw.provider.e_sqlite3": {
        "type": "Transitive",
        "resolved": "3.0.5",
        "contentHash": "um8YSWduhhuskTG2bHfZrBqMNQOydfU8pcseT+cu5RivOGyoUbCrGXxgoRNTmRYw2VbMWnEZVVFcneZT/5dsBg==",
        "dependencies": {
          "SQLitePCLRaw.core": "3.0.5"
        }
      },
      "trackdub.application": {
        "type": "Project",
        "dependencies": {
          "Microsoft.Extensions.DependencyInjection.Abstractions": "[10.0.0, )",
          "Microsoft.Extensions.Logging.Abstractions": "[10.0.10, )",
          "Trackdub.Contracts": "[1.0.0, )",
          "Trackdub.Domain": "[1.0.0, )",
          "Trackdub.Licensing": "[1.0.0, )"
        }
      },
      "trackdub.contracts": {
        "type": "Project",
        "dependencies": {
          "Trackdub.Domain": "[1.0.0, )"
        }
      },
      "trackdub.domain": {
        "type": "Project"
      },
      "trackdub.infrastructure": {
        "type": "Project",
        "dependencies": {
          "Dapper": "[2.1.79, )",
          "Lucene.Net.Analysis.Common": "[4.8.0-beta00018, )",
          "Lucene.Net.Analysis.Kuromoji": "[4.8.0-beta00018, )",
          "Lucene.Net.Analysis.SmartCn": "[4.8.0-beta00018, )",
          "Microsoft.Data.Sqlite": "[10.0.10, )",
          "SQLitePCLRaw.bundle_e_sqlite3": "[3.0.5, )",
          "Trackdub.Application": "[1.0.0, )",
          "Trackdub.Contracts": "[1.0.0, )",
          "Trackdub.Domain": "[1.0.0, )"
        }
      },
      "trackdub.licensing": {
        "type": "Project",
        "dependencies": {
          "Microsoft.Extensions.Logging.Abstractions": "[10.0.10, )"
        }
      },
      "trackdub.media": {
        "type": "Project",
        "dependencies": {
          "Microsoft.Extensions.Logging.Abstractions": "[10.0.10, )",
          "Trackdub.Application": "[1.0.0, )",
          "Trackdub.Contracts": "[1.0.0, )",
          "Trackdub.Domain": "[1.0.0, )"
        }
      },
      "Dapper": {
        "type": "CentralTransitive",
        "requested": "[2.1.79, )",
        "resolved": "2.1.79",
        "contentHash": "8YijbzgTfmqmQOnVNorYM6K++pxqnW3nJ4aC1sRHzxUA2CcuoJ9gsTem3kgBnPRMc38zZHl4Esb6hAezXIEEuw=="
      },
      "Lucene.Net.Analysis.Common": {
        "type": "CentralTransitive",
        "requested": "[4.8.0-beta00018, )",
        "resolved": "4.8.0-beta00018",
        "contentHash": "35M1i4enb8rVeqXiKgDJzgqYDa5VtpgI2sK5gYg1Yd9kmpjPmaLHgN9/rGyHd67XWhT7fh0X8UuXu70PH58pcA==",
        "dependencies": {
          "Lucene.Net": "4.8.0-beta00018"
        }
      },
      "Lucene.Net.Analysis.Kuromoji": {
        "type": "CentralTransitive",
        "requested": "[4.8.0-beta00018, )",
        "resolved": "4.8.0-beta00018",
        "contentHash": "KVsT3Xctzhzq4CY70yvQkQanJVUDh0st7GHusJABdXCylMsQxy4EW/2Lip7lE7+6+sJPZ08pQ1Rip+XT8Jad8w==",
        "dependencies": {
          "J2N": "[2.1.0, 3.0.0)",
          "Lucene.Net": "4.8.0-beta00018",
          "Lucene.Net.Analysis.Common": "4.8.0-beta00018"
        }
      },
      "Lucene.Net.Analysis.SmartCn": {
        "type": "CentralTransitive",
        "requested": "[4.8.0-beta00018, )",
        "resolved": "4.8.0-beta00018",
        "contentHash": "p7uHok6oZ64oZwv0+jFmhqiE1i+/GkTeyyBYplRLPgII4GZygaSiLz7jLqKN6/QJDnaxaSQmZpb+VupXF7AAZg==",
        "dependencies": {
          "ICU4N": "[60.1.0-alpha.440, 60.1.0-alpha.450)",
          "J2N": "[2.1.0, 3.0.0)",
          "Lucene.Net": "4.8.0-beta00018",
          "Lucene.Net.Analysis.Common": "4.8.0-beta00018",
          "Lucene.Net.ICU": "4.8.0-beta00018"
        }
      },
      "Microsoft.Data.Sqlite": {
        "type": "CentralTransitive",
        "requested": "[10.0.10, )",
        "resolved": "10.0.10",
        "contentHash": "58JwZ39lCvRXHfV5O6RQfbHEDu8ZsXI7weRoVRR4jrGRxxkS+qyeuGrN2xD+9VYEICApYr0iTSL6PuU+DdsvPg==",
        "dependencies": {
          "Microsoft.Data.Sqlite.Core": "10.0.10",
          "SQLitePCLRaw.bundle_e_sqlite3": "2.1.11",
          "SQLitePCLRaw.core": "2.1.11"
        }
      },
      "Microsoft.Extensions.DependencyInjection.Abstractions": {
        "type": "CentralTransitive",
        "requested": "[10.0.0, )",
        "resolved": "10.0.10",
        "contentHash": "z/2xXlFw2aLGjHyEm6E0tQ+In6VfzQzTrtArbQ2c0TQE16ZbyDCMGPvaUT9I0s8rgy9sRWlU2P9waW37qV04qA=="
      },
      "Microsoft.Extensions.Logging.Abstractions": {
        "type": "CentralTransitive",
        "requested": "[10.0.10, )",
        "resolved": "10.0.10",
        "contentHash": "zkFxGYUvdxAvIKTyXHrmW+Sux53D4SezD9dMyZ6hrwwzPQJNuwCRy1f5W7AvYTqacEGhWF2XderRQG1OvbV8og==",
        "dependencies": {
          "Microsoft.Extensions.DependencyInjection.Abstractions": "10.0.10"
        }
      },
      "SQLitePCLRaw.bundle_e_sqlite3": {
        "type": "CentralTransitive",
        "requested": "[3.0.5, )",
        "resolved": "3.0.5",
        "contentHash": "SW8iASIyWMrLzqabUHYQRvALhvD4ylSBsj4PgEVGwc36kQjc9xT5kSV/XQ9rU7nIpBWD+LPyX3Hlw5FzyUzGeQ==",
        "dependencies": {
          "SQLite": "3.53.4",
          "SQLitePCLRaw.config.e_sqlite3": "3.0.5"
        }
      }
    }
  }
}