{
  "version": 1,
  "dependencies": {
    "net8.0-windows10.0.18362": {
      "Microsoft.Windows.AI.MachineLearning": {
        "type": "Direct",
        "requested": "[2.4.89, )",
        "resolved": "2.4.89",
        "contentHash": "uc+Lej0vmZJprvHEuNJs7xMegoParROM9pZ2a7uMeXQiELva42V1wAUoYHCsw/u5ho/nwkYasiSFWZ95ABot3A==",
        "dependencies": {
          "System.Numerics.Tensors": "9.0.0"
        }
      },
      "System.Drawing.Common": {
        "type": "Direct",
        "requested": "[8.0.31, )",
        "resolved": "8.0.31",
        "contentHash": "xCTGg7fw7JE8j3feXaedW8/n7FGfPV5OyAllr+6Hed1w5Q40EFDrT1fL9Xyuj/eQcikYpvVU7Z8RJO0HVjQfzQ==",
        "dependencies": {
          "Microsoft.Win32.SystemEvents": "8.0.0"
        }
      },
      "Microsoft.Win32.SystemEvents": {
        "type": "Transitive",
        "resolved": "8.0.0",
        "contentHash": "9opKRyOKMCi2xJ7Bj7kxtZ1r9vbzosMvRrdEhVhDz8j8MoBGgB+WmC94yH839NPH+BclAjtQ/pyagvi/8gDLkw=="
      },
      "System.Numerics.Tensors": {
        "type": "Transitive",
        "resolved": "9.0.0",
        "contentHash": "hyJB4UlpAi19Xr9AXzu2NuagKC4lPfHObNMEAA0HmqFz2rX7wKgzeYzO/jM/eBHDhnUGFFEjk5cOoJaxqg5J4A=="
      }
    },
    "net8.0-windows10.0.18362/win-x64": {
      "Microsoft.Windows.AI.MachineLearning": {
        "type": "Direct",
        "requested": "[2.4.89, )",
        "resolved": "2.4.89",
        "contentHash": "uc+Lej0vmZJprvHEuNJs7xMegoParROM9pZ2a7uMeXQiELva42V1wAUoYHCsw/u5ho/nwkYasiSFWZ95ABot3A==",
        "dependencies": {
          "System.Numerics.Tensors": "9.0.0"
        }
      },
      "Microsoft.Win32.SystemEvents": {
        "type": "Transitive",
        "resolved": "8.0.0",
        "contentHash": "9opKRyOKMCi2xJ7Bj7kxtZ1r9vbzosMvRrdEhVhDz8j8MoBGgB+WmC94yH839NPH+BclAjtQ/pyagvi/8gDLkw=="
      }
    }
  }
}